// !$*UTF8*$!
{
	archiveVersion = 1;
	classes = {
	};
	objectVersion = 46;
	objects = {

/* Begin PBXBuildFile section */
		8449EF571C0469C200F7580E /* main.m in Sources */ = {isa = PBXBuildFile; fileRef = 8449EF561C0469C200F7580E /* main.m */; };
		8449EF5A1C0469C200F7580E /* AppDelegate.m in Sources */ = {isa = PBXBuildFile; fileRef = 8449EF591C0469C200F7580E /* AppDelegate.m */; };
		8449EF601C0469C200F7580E /* Main.storyboard in Resources */ = {isa = PBXBuildFile; fileRef = 8449EF5E1C0469C200F7580E /* Main.storyboard */; };
		8449EF621C0469C200F7580E /* Assets.xcassets in Resources */ = {isa = PBXBuildFile; fileRef = 8449EF611C0469C200F7580E /* Assets.xcassets */; };
		8449EF651C0469C200F7580E /* LaunchScreen.storyboard in Resources */ = {isa = PBXBuildFile; fileRef = 8449EF631C0469C200F7580E /* LaunchScreen.storyboard */; };
		8449EF6E1C04802A00F7580E /* MyCollectionViewController.m in Sources */ = {isa = PBXBuildFile; fileRef = 8449EF6D1C04802A00F7580E /* MyCollectionViewController.m */; settings = {ASSET_TAGS = (); }; };
		8449EF711C0483E000F7580E /* MyCollectionViewCell.m in Sources */ = {isa = PBXBuildFile; fileRef = 8449EF701C0483E000F7580E /* MyCollectionViewCell.m */; settings = {ASSET_TAGS = (); }; };
		8449EF8C1C04B40700F7580E /* MySupplementaryView.m in Sources */ = {isa = PBXBuildFile; fileRef = 8449EF8B1C04B40700F7580E /* MySupplementaryView.m */; settings = {ASSET_TAGS = (); }; };
/* End PBXBuildFile section */

/* Begin PBXFileReference section */
		8449EF521C0469C200F7580E /* CollectionView.app */ = {isa = PBXFileReference; explicitFileType = wrapper.application; includeInIndex = 0; path = CollectionView.app; sourceTree = BUILT_PRODUCTS_DIR; };
		8449EF561C0469C200F7580E /* main.m */ = {isa = PBXFileReference; lastKnownFileType = sourcecode.c.objc; path = main.m; sourceTree = "<group>"; };
		8449EF581C0469C200F7580E /* AppDelegate.h */ = {isa = PBXFileReference; lastKnownFileType = sourcecode.c.h; path = AppDelegate.h; sourceTree = "<group>"; };
		8449EF591C0469C200F7580E /* AppDelegate.m */ = {isa = PBXFileReference; lastKnownFileType = sourcecode.c.objc; path = AppDelegate.m; sourceTree = "<group>"; };
		8449EF5F1C0469C200F7580E /* Base */ = {isa = PBXFileReference; lastKnownFileType = file.storyboard; name = Base; path = Base.lproj/Main.storyboard; sourceTree = "<group>"; };
		8449EF611C0469C200F7580E /* Assets.xcassets */ = {isa = PBXFileReference; lastKnownFileType = folder.assetcatalog; path = Assets.xcassets; sourceTree = "<group>"; };
		8449EF641C0469C200F7580E /* Base */ = {isa = PBXFileReference; lastKnownFileType = file.storyboard; name = Base; path = Base.lproj/LaunchScreen.storyboard; sourceTree = "<group>"; };
		8449EF661C0469C200F7580E /* Info.plist */ = {isa = PBXFileReference; lastKnownFileType = text.plist.xml; path = Info.plist; sourceTree = "<group>"; };
		8449EF6C1C04802A00F7580E /* MyCollectionViewController.h */ = {isa = PBXFileReference; fileEncoding = 4; lastKnownFileType = sourcecode.c.h; path = MyCollectionViewController.h; sourceTree = "<group>"; };
		8449EF6D1C04802A00F7580E /* MyCollectionViewController.m */ = {isa = PBXFileReference; fileEncoding = 4; lastKnownFileType = sourcecode.c.objc; path = MyCollectionViewController.m; sourceTree = "<group>"; };
		8449EF6F1C0483E000F7580E /* MyCollectionViewCell.h */ = {isa = PBXFileReference; fileEncoding = 4; lastKnownFileType = sourcecode.c.h; path = MyCollectionViewCell.h; sourceTree = "<group>"; };
		8449EF701C0483E000F7580E /* MyCollectionViewCell.m */ = {isa = PBXFileReference; fileEncoding = 4; lastKnownFileType = sourcecode.c.objc; path = MyCollectionViewCell.m; sourceTree = "<group>"; };
		8449EF8A1C04B40700F7580E /* MySupplementaryView.h */ = {isa = PBXFileReference; fileEncoding = 4; lastKnownFileType = sourcecode.c.h; path = MySupplementaryView.h; sourceTree = "<group>"; };
		8449EF8B1C04B40700F7580E /* MySupplementaryView.m */ = {isa = PBXFileReference; fileEncoding = 4; lastKnownFileType = sourcecode.c.objc; path = MySupplementaryView.m; sourceTree = "<group>"; };
/* End PBXFileReference section */

/* Begin PBXFrameworksBuildPhase section */
		8449EF4F1C0469C200F7580E /* Frameworks */ = {
			isa = PBXFrameworksBuildPhase;
			buildActionMask = 2147483647;
			files = (
			);
			runOnlyForDeploymentPostprocessing = 0;
		};
/* End PBXFrameworksBuildPhase section */

/* Begin PBXGroup section */
		8449EF491C0469C200F7580E = {
			isa = PBXGroup;
			children = (
				8449EF541C0469C200F7580E /* CollectionView */,
				8449EF531C0469C200F7580E /* Products */,
			);
			sourceTree = "<group>";
		};
		8449EF531C0469C200F7580E /* Products */ = {
			isa = PBXGroup;
			children = (
				8449EF521C0469C200F7580E /* CollectionView.app */,
			);
			name = Products;
			sourceTree = "<group>";
		};
		8449EF541C0469C200F7580E /* CollectionView */ = {
			isa = PBXGroup;
			children = (
				84F749851C05E8940032A1EF /* Controllers */,
				8449EF581C0469C200F7580E /* AppDelegate.h */,
				8449EF591C0469C200F7580E /* AppDelegate.m */,
				8449EF5E1C0469C200F7580E /* Main.storyboard */,
				8449EF611C0469C200F7580E /* Assets.xcassets */,
				8449EF631C0469C200F7580E /* LaunchScreen.storyboard */,
				8449EF661C0469C200F7580E /* Info.plist */,
				8449EF551C0469C200F7580E /* Supporting Files */,
			);
			path = CollectionView;
			sourceTree = "<group>";
		};
		8449EF551C0469C200F7580E /* Supporting Files */ = {
			isa = PBXGroup;
			children = (
				8449EF561C0469C200F7580E /* main.m */,
			);
			name = "Supporting Files";
			sourceTree = "<group>";
		};
		84F749851C05E8940032A1EF /* Controllers */ = {
			isa = PBXGroup;
			children = (
				8449EF6C1C04802A00F7580E /* MyCollectionViewController.h */,
				8449EF6D1C04802A00F7580E /* MyCollectionViewController.m */,
				8449EF6F1C0483E000F7580E /* MyCollectionViewCell.h */,
				8449EF701C0483E000F7580E /* MyCollectionViewCell.m */,
				8449EF8A1C04B40700F7580E /* MySupplementaryView.h */,
				8449EF8B1C04B40700F7580E /* MySupplementaryView.m */,
			);
			name = Controllers;
			sourceTree = "<group>";
		};
/* End PBXGroup section */

/* Begin PBXNativeTarget section */
		8449EF511C0469C200F7580E /* CollectionView */ = {
			isa = PBXNativeTarget;
			buildConfigurationList = 8449EF691C0469C200F7580E /* Build configuration list for PBXNativeTarget "CollectionView" */;
			buildPhases = (
				8449EF4E1C0469C200F7580E /* Sources */,
				8449EF4F1C0469C200F7580E /* Frameworks */,
				8449EF501C0469C200F7580E /* Resources */,
			);
			buildRules = (
			);
			dependencies = (
			);
			name = CollectionView;
			productName = CollectionView;
			productReference = 8449EF521C0469C200F7580E /* CollectionView.app */;
			productType = "com.apple.product-type.application";
		};
/* End PBXNativeTarget section */

/* Begin PBXProject section */
		8449EF4A1C0469C200F7580E /* Project object */ = {
			isa = PBXProject;
			attributes = {
				LastUpgradeCheck = 0700;
				ORGANIZATIONNAME = Admin;
				TargetAttributes = {
					8449EF511C0469C200F7580E = {
						CreatedOnToolsVersion = 7.0;
					};
				};
			};
			buildConfigurationList = 8449EF4D1C0469C200F7580E /* Build configuration list for PBXProject "CollectionView" */;
			compatibilityVersion = "Xcode 3.2";
			developmentRegion = English;
			hasScannedForEncodings = 0;
			knownRegions = (
				en,
				Base,
			);
			mainGroup = 8449EF491C0469C200F7580E;
			productRefGroup = 8449EF531C0469C200F7580E /* Products */;
			projectDirPath = "";
			projectRoot = "";
			targets = (
				8449EF511C0469C200F7580E /* CollectionView */,
			);
		};
/* End PBXProject section */

/* Begin PBXResourcesBuildPhase section */
		8449EF501C0469C200F7580E /* Resources */ = {
			isa = PBXResourcesBuildPhase;
			buildActionMask = 2147483647;
			files = (
				8449EF651C0469C200F7580E /* LaunchScreen.storyboard in Resources */,
				8449EF621C0469C200F7580E /* Assets.xcassets in Resources */,
				8449EF601C0469C200F7580E /* Main.storyboard in Resources */,
			);
			runOnlyForDeploymentPostprocessing = 0;
		};
/* End PBXResourcesBuildPhase section */

/* Begin PBXSourcesBuildPhase section */
		8449EF4E1C0469C200F7580E /* Sources */ = {
			isa = PBXSourcesBuildPhase;
			buildActionMask = 2147483647;
			files = (
				8449EF5A1C0469C200F7580E /* AppDelegate.m in Sources */,
				8449EF571C0469C200F7580E /* main.m in Sources */,
				8449EF711C0483E000F7580E /* MyCollectionViewCell.m in Sources */,
				8449EF8C1C04B40700F7580E /* MySupplementaryView.m in Sources */,
				8449EF6E1C04802A00F7580E /* MyCollectionViewController.m in Sources */,
			);
			runOnlyForDeploymentPostprocessing = 0;
		};
/* End PBXSourcesBuildPhase section */

/* Begin PBXVariantGroup section */
		8449EF5E1C0469C200F7580E /* Main.storyboard */ = {
			isa = PBXVariantGroup;
			children = (
				8449EF5F1C0469C200F7580E /* Base */,
			);
			name = Main.storyboard;
			sourceTree = "<group>";
		};
		8449EF631C0469C200F7580E /* LaunchScreen.storyboard */ = {
			isa = PBXVariantGroup;
			children = (
				8449EF641C0469C200F7580E /* Base */,
			);
			name = LaunchScreen.storyboard;
			sourceTree = "<group>";
		};
/* End PBXVariantGroup section */

/* Begin XCBuildConfiguration section */
		8449EF671C0469C200F7580E /* Debug */ = {
			isa = XCBuildConfiguration;
			buildSettings = {
				ALWAYS_SEARCH_USER_PATHS = NO;
				CLANG_CXX_LANGUAGE_STANDARD = "gnu++0x";
				CLANG_CXX_LIBRARY = "libc++";
				CLANG_ENABLE_MODULES = YES;
				CLANG_ENABLE_OBJC_ARC = YES;
				CLANG_WARN_BOOL_CONVERSION = YES;
				CLANG_WARN_CONSTANT_CONVERSION = YES;
				CLANG_WARN_DIRECT_OBJC_ISA_USAGE = YES_ERROR;
				CLANG_WARN_EMPTY_BODY = YES;
				CLANG_WARN_ENUM_CONVERSION = YES;
				CLANG_WARN_INT_CONVERSION = YES;
				CLANG_WARN_OBJC_ROOT_CLASS = YES_ERROR;
				CLANG_WARN_UNREACHABLE_CODE = YES;
				CLANG_WARN__DUPLICATE_METHOD_MATCH = YES;
				"CODE_SIGN_IDENTITY[sdk=iphoneos*]" = "iPhone Developer";
				COPY_PHASE_STRIP = NO;
				DEBUG_INFORMATION_FORMAT = dwarf;
				ENABLE_STRICT_OBJC_MSGSEND = YES;
				ENABLE_TESTABILITY = YES;
				GCC_C_LANGUAGE_STANDARD = gnu99;
				GCC_DYNAMIC_NO_PIC = NO;
				GCC_NO_COMMON_BLOCKS = YES;
				GCC_OPTIMIZATION_LEVEL = 0;
				GCC_PREPROCESSOR_DEFINITIONS = (
					"DEBUG=1",
					"$(inherited)",
				);
				GCC_WARN_64_TO_32_BIT_CONVERSION = YES;
				GCC_WARN_ABOUT_RETURN_TYPE = YES_ERROR;
				GCC_WARN_UNDECLARED_SELECTOR = YES;
				GCC_WARN_UNINITIALIZED_AUTOS = YES_AGGRESSIVE;
				GCC_WARN_UNUSED_FUNCTION = YES;
				GCC_WARN_UNUSED_VARIABLE = YES;
				IPHONEOS_DEPLOYMENT_TARGET = 9.0;
				MTL_ENABLE_DEBUG_INFO = YES;
				ONLY_ACTIVE_ARCH = YES;
				SDKROOT = iphoneos;
				TARGETED_DEVICE_FAMILY = "1,2";
			};
			name = Debug;
		};
		8449EF681C0469C200F7580E /* Release */ = {
			isa = XCBuildConfiguration;
			buildSettings = {
				ALWAYS_SEARCH_USER_PATHS = NO;
				CLANG_CXX_LANGUAGE_STANDARD = "gnu++0x";
				CLANG_CXX_LIBRARY = "libc++";
				CLANG_ENABLE_MODULES = YES;
				CLANG_ENABLE_OBJC_ARC = YES;
				CLANG_WARN_BOOL_CONVERSION = YES;
				CLANG_WARN_CONSTANT_CONVERSION = YES;
				CLANG_WARN_DIRECT_OBJC_ISA_USAGE = YES_ERROR;
				CLANG_WARN_EMPTY_BODY = YES;
				CLANG_WARN_ENUM_CONVERSION = YES;
				CLANG_WARN_INT_CONVERSION = YES;
				CLANG_WARN_OBJC_ROOT_CLASS = YES_ERROR;
				CLANG_WARN_UNREACHABLE_CODE = YES;
				CLANG_WARN__DUPLICATE_METHOD_MATCH = YES;
				"CODE_SIGN_IDENTITY[sdk=iphoneos*]" = "iPhone Developer";
				COPY_PHASE_STRIP = NO;
				DEBUG_INFORMATION_FORMAT = "dwarf-with-dsym";
				ENABLE_NS_ASSERTIONS = NO;
				ENABLE_STRICT_OBJC_MSGSEND = YES;
				GCC_C_LANGUAGE_STANDARD = gnu99;
				GCC_NO_COMMON_BLOCKS = YES;
				GCC_WARN_64_TO_32_BIT_CONVERSION = YES;
				GCC_WARN_ABOUT_RETURN_TYPE = YES_ERROR;
				GCC_WARN_UNDECLARED_SELECTOR = YES;
				GCC_WARN_UNINITIALIZED_AUTOS = YES_AGGRESSIVE;
				GCC_WARN_UNUSED_FUNCTION = YES;
				GCC_WARN_UNUSED_VARIABLE = YES;
				IPHONEOS_DEPLOYMENT_TARGET = 9.0;
				MTL_ENABLE_DEBUG_INFO = NO;
				SDKROOT = iphoneos;
				TARGETED_DEVICE_FAMILY = "1,2";
				VALIDATE_PRODUCT = YES;
			};
			name = Release;
		};
		8449EF6A1C0469C200F7580E /* Debug */ = {
			isa = XCBuildConfiguration;
			buildSettings = {
				ASSETCATALOG_COMPILER_APPICON_NAME = AppIcon;
				INFOPLIST_FILE = CollectionView/Info.plist;
				LD_RUNPATH_SEARCH_PATHS = "$(inherited) @executable_path/Frameworks";
				PRODUCT_BUNDLE_IDENTIFIER = com.orestm.CollectionView;
				PRODUCT_NAME = "$(TARGET_NAME)";
			};
			name = Debug;
		};
		8449EF6B1C0469C200F7580E /* Release */ = {
			isa = XCBuildConfiguration;
			buildSettings = {
				ASSETCATALOG_COMPILER_APPICON_NAME = AppIcon;
				INFOPLIST_FILE = CollectionView/Info.plist;
				LD_RUNPATH_SEARCH_PATHS = "$(inherited) @executable_path/Frameworks";
				PRODUCT_BUNDLE_IDENTIFIER = com.orestm.CollectionView;
				PRODUCT_NAME = "$(TARGET_NAME)";
			};
			name = Release;
		};
/* End XCBuildConfiguration section */

/* Begin XCConfigurationList section */
		8449EF4D1C0469C200F7580E /* Build configuration list for PBXProject "CollectionView" */ = {
			isa = XCConfigurationList;
			buildConfigurations = (
				8449EF671C0469C200F7580E /* Debug */,
				8449EF681C0469C200F7580E /* Release */,
			);
			defaultConfigurationIsVisible = 0;
			defaultConfigurationName = Release;
		};
		8449EF691C0469C200F7580E /* Build configuration list for PBXNativeTarget "CollectionView" */ = {
			isa = XCConfigurationList;
			buildConfigurations = (
				8449EF6A1C0469C200F7580E /* Debug */,
				8449EF6B1C0469C200F7580E /* Release */,
			);
			defaultConfigurationIsVisible = 0;
			defaultConfigurationName = Release;
		};
/* End XCConfigurationList section */
	};
	rootObject = 8449EF4A1C0469C200F7580E /* Project object */;
}
