// !$*UTF8*$!
{
	archiveVersion = 1;
	classes = {
	};
	objectVersion = 46;
	objects = {

/* Begin PBXBuildFile section */
		845176901CBC11160000A119 /* LittleLordFontleroyNF.ttf in Resources */ = {isa = PBXBuildFile; fileRef = 8451768F1CBC0D680000A119 /* LittleLordFontleroyNF.ttf */; };
		84526F761CBB7316003C851C /* main.m in Sources */ = {isa = PBXBuildFile; fileRef = 84526F751CBB7316003C851C /* main.m */; };
		84526F791CBB7316003C851C /* AppDelegate.m in Sources */ = {isa = PBXBuildFile; fileRef = 84526F781CBB7316003C851C /* AppDelegate.m */; };
		84526F7C1CBB7316003C851C /* ViewController.m in Sources */ = {isa = PBXBuildFile; fileRef = 84526F7B1CBB7316003C851C /* ViewController.m */; };
		84526F7F1CBB7316003C851C /* Main.storyboard in Resources */ = {isa = PBXBuildFile; fileRef = 84526F7D1CBB7316003C851C /* Main.storyboard */; };
		84526F811CBB7316003C851C /* Assets.xcassets in Resources */ = {isa = PBXBuildFile; fileRef = 84526F801CBB7316003C851C /* Assets.xcassets */; };
		84526F841CBB7316003C851C /* LaunchScreen.storyboard in Resources */ = {isa = PBXBuildFile; fileRef = 84526F821CBB7316003C851C /* LaunchScreen.storyboard */; };
/* End PBXBuildFile section */

/* Begin PBXFileReference section */
		8451768F1CBC0D680000A119 /* LittleLordFontleroyNF.ttf */ = {isa = PBXFileReference; lastKnownFileType = file; name = LittleLordFontleroyNF.ttf; path = ../../../../Downloads/Fonts/LittleLordFontleroyNF.ttf; sourceTree = "<group>"; };
		84526F711CBB7316003C851C /* UIImageViewAnimations.app */ = {isa = PBXFileReference; explicitFileType = wrapper.application; includeInIndex = 0; path = UIImageViewAnimations.app; sourceTree = BUILT_PRODUCTS_DIR; };
		84526F751CBB7316003C851C /* main.m */ = {isa = PBXFileReference; lastKnownFileType = sourcecode.c.objc; path = main.m; sourceTree = "<group>"; };
		84526F771CBB7316003C851C /* AppDelegate.h */ = {isa = PBXFileReference; lastKnownFileType = sourcecode.c.h; path = AppDelegate.h; sourceTree = "<group>"; };
		84526F781CBB7316003C851C /* AppDelegate.m */ = {isa = PBXFileReference; lastKnownFileType = sourcecode.c.objc; path = AppDelegate.m; sourceTree = "<group>"; };
		84526F7A1CBB7316003C851C /* ViewController.h */ = {isa = PBXFileReference; lastKnownFileType = sourcecode.c.h; path = ViewController.h; sourceTree = "<group>"; };
		84526F7B1CBB7316003C851C /* ViewController.m */ = {isa = PBXFileReference; lastKnownFileType = sourcecode.c.objc; path = ViewController.m; sourceTree = "<group>"; };
		84526F7E1CBB7316003C851C /* Base */ = {isa = PBXFileReference; lastKnownFileType = file.storyboard; name = Base; path = Base.lproj/Main.storyboard; sourceTree = "<group>"; };
		84526F801CBB7316003C851C /* Assets.xcassets */ = {isa = PBXFileReference; lastKnownFileType = folder.assetcatalog; path = Assets.xcassets; sourceTree = "<group>"; };
		84526F831CBB7316003C851C /* Base */ = {isa = PBXFileReference; lastKnownFileType = file.storyboard; name = Base; path = Base.lproj/LaunchScreen.storyboard; sourceTree = "<group>"; };
		84526F851CBB7316003C851C /* Info.plist */ = {isa = PBXFileReference; lastKnownFileType = text.plist.xml; path = Info.plist; sourceTree = "<group>"; };
/* End PBXFileReference section */

/* Begin PBXFrameworksBuildPhase section */
		84526F6E1CBB7316003C851C /* Frameworks */ = {
			isa = PBXFrameworksBuildPhase;
			buildActionMask = 2147483647;
			files = (
			);
			runOnlyForDeploymentPostprocessing = 0;
		};
/* End PBXFrameworksBuildPhase section */

/* Begin PBXGroup section */
		84526F681CBB7316003C851C = {
			isa = PBXGroup;
			children = (
				84526F731CBB7316003C851C /* UIImageViewAnimations */,
				84526F721CBB7316003C851C /* Products */,
			);
			sourceTree = "<group>";
		};
		84526F721CBB7316003C851C /* Products */ = {
			isa = PBXGroup;
			children = (
				84526F711CBB7316003C851C /* UIImageViewAnimations.app */,
			);
			name = Products;
			sourceTree = "<group>";
		};
		84526F731CBB7316003C851C /* UIImageViewAnimations */ = {
			isa = PBXGroup;
			children = (
				84526F771CBB7316003C851C /* AppDelegate.h */,
				84526F781CBB7316003C851C /* AppDelegate.m */,
				84526F7A1CBB7316003C851C /* ViewController.h */,
				84526F7B1CBB7316003C851C /* ViewController.m */,
				84526F7D1CBB7316003C851C /* Main.storyboard */,
				84526F801CBB7316003C851C /* Assets.xcassets */,
				84526F821CBB7316003C851C /* LaunchScreen.storyboard */,
				84526F851CBB7316003C851C /* Info.plist */,
				84526F741CBB7316003C851C /* Supporting Files */,
			);
			path = UIImageViewAnimations;
			sourceTree = "<group>";
		};
		84526F741CBB7316003C851C /* Supporting Files */ = {
			isa = PBXGroup;
			children = (
				84526F751CBB7316003C851C /* main.m */,
				8451768F1CBC0D680000A119 /* LittleLordFontleroyNF.ttf */,
			);
			name = "Supporting Files";
			sourceTree = "<group>";
		};
/* End PBXGroup section */

/* Begin PBXNativeTarget section */
		84526F701CBB7316003C851C /* UIImageViewAnimations */ = {
			isa = PBXNativeTarget;
			buildConfigurationList = 84526F881CBB7316003C851C /* Build configuration list for PBXNativeTarget "UIImageViewAnimations" */;
			buildPhases = (
				84526F6D1CBB7316003C851C /* Sources */,
				84526F6E1CBB7316003C851C /* Frameworks */,
				84526F6F1CBB7316003C851C /* Resources */,
			);
			buildRules = (
			);
			dependencies = (
			);
			name = UIImageViewAnimations;
			productName = UIImageViewAnimations;
			productReference = 84526F711CBB7316003C851C /* UIImageViewAnimations.app */;
			productType = "com.apple.product-type.application";
		};
/* End PBXNativeTarget section */

/* Begin PBXProject section */
		84526F691CBB7316003C851C /* Project object */ = {
			isa = PBXProject;
			attributes = {
				CLASSPREFIX = OM;
				LastUpgradeCheck = 0720;
				ORGANIZATIONNAME = Admin;
				TargetAttributes = {
					84526F701CBB7316003C851C = {
						CreatedOnToolsVersion = 7.2.1;
					};
				};
			};
			buildConfigurationList = 84526F6C1CBB7316003C851C /* Build configuration list for PBXProject "UIImageViewAnimations" */;
			compatibilityVersion = "Xcode 3.2";
			developmentRegion = English;
			hasScannedForEncodings = 0;
			knownRegions = (
				en,
				Base,
			);
			mainGroup = 84526F681CBB7316003C851C;
			productRefGroup = 84526F721CBB7316003C851C /* Products */;
			projectDirPath = "";
			projectRoot = "";
			targets = (
				84526F701CBB7316003C851C /* UIImageViewAnimations */,
			);
		};
/* End PBXProject section */

/* Begin PBXResourcesBuildPhase section */
		84526F6F1CBB7316003C851C /* Resources */ = {
			isa = PBXResourcesBuildPhase;
			buildActionMask = 2147483647;
			files = (
				845176901CBC11160000A119 /* LittleLordFontleroyNF.ttf in Resources */,
				84526F841CBB7316003C851C /* LaunchScreen.storyboard in Resources */,
				84526F811CBB7316003C851C /* Assets.xcassets in Resources */,
				84526F7F1CBB7316003C851C /* Main.storyboard in Resources */,
			);
			runOnlyForDeploymentPostprocessing = 0;
		};
/* End PBXResourcesBuildPhase section */

/* Begin PBXSourcesBuildPhase section */
		84526F6D1CBB7316003C851C /* Sources */ = {
			isa = PBXSourcesBuildPhase;
			buildActionMask = 2147483647;
			files = (
				84526F7C1CBB7316003C851C /* ViewController.m in Sources */,
				84526F791CBB7316003C851C /* AppDelegate.m in Sources */,
				84526F761CBB7316003C851C /* main.m in Sources */,
			);
			runOnlyForDeploymentPostprocessing = 0;
		};
/* End PBXSourcesBuildPhase section */

/* Begin PBXVariantGroup section */
		84526F7D1CBB7316003C851C /* Main.storyboard */ = {
			isa = PBXVariantGroup;
			children = (
				84526F7E1CBB7316003C851C /* Base */,
			);
			name = Main.storyboard;
			sourceTree = "<group>";
		};
		84526F821CBB7316003C851C /* LaunchScreen.storyboard */ = {
			isa = PBXVariantGroup;
			children = (
				84526F831CBB7316003C851C /* Base */,
			);
			name = LaunchScreen.storyboard;
			sourceTree = "<group>";
		};
/* End PBXVariantGroup section */

/* Begin XCBuildConfiguration section */
		84526F861CBB7316003C851C /* Debug */ = {
			isa = XCBuildConfiguration;
			buildSettings = {
				ALWAYS_SEARCH_USER_PATHS = NO;
				CLANG_CXX_LANGUAGE_STANDARD = "gnu++0x";
				CLANG_CXX_LIBRARY = "libc++";
				CLANG_ENABLE_MODULES = YES;
				CLANG_ENABLE_OBJC_ARC = YES;
				CLANG_WARN_BOOL_CONVERSION = YES;
				CLANG_WARN_CONSTANT_CONVERSION = YES;
				CLANG_WARN_DIRECT_OBJC_ISA_USAGE = YES_ERROR;
				CLANG_WARN_EMPTY_BODY = YES;
				CLANG_WARN_ENUM_CONVERSION = YES;
				CLANG_WARN_INT_CONVERSION = YES;
				CLANG_WARN_OBJC_ROOT_CLASS = YES_ERROR;
				CLANG_WARN_UNREACHABLE_CODE = YES;
				CLANG_WARN__DUPLICATE_METHOD_MATCH = YES;
				"CODE_SIGN_IDENTITY[sdk=iphoneos*]" = "iPhone Developer";
				COPY_PHASE_STRIP = NO;
				DEBUG_INFORMATION_FORMAT = dwarf;
				ENABLE_STRICT_OBJC_MSGSEND = YES;
				ENABLE_TESTABILITY = YES;
				GCC_C_LANGUAGE_STANDARD = gnu99;
				GCC_DYNAMIC_NO_PIC = NO;
				GCC_NO_COMMON_BLOCKS = YES;
				GCC_OPTIMIZATION_LEVEL = 0;
				GCC_PREPROCESSOR_DEFINITIONS = (
					"DEBUG=1",
					"$(inherited)",
				);
				GCC_WARN_64_TO_32_BIT_CONVERSION = YES;
				GCC_WARN_ABOUT_RETURN_TYPE = YES_ERROR;
				GCC_WARN_UNDECLARED_SELECTOR = YES;
				GCC_WARN_UNINITIALIZED_AUTOS = YES_AGGRESSIVE;
				GCC_WARN_UNUSED_FUNCTION = YES;
				GCC_WARN_UNUSED_VARIABLE = YES;
				IPHONEOS_DEPLOYMENT_TARGET = 9.2;
				MTL_ENABLE_DEBUG_INFO = YES;
				ONLY_ACTIVE_ARCH = YES;
				SDKROOT = iphoneos;
				TARGETED_DEVICE_FAMILY = "1,2";
			};
			name = Debug;
		};
		84526F871CBB7316003C851C /* Release */ = {
			isa = XCBuildConfiguration;
			buildSettings = {
				ALWAYS_SEARCH_USER_PATHS = NO;
				CLANG_CXX_LANGUAGE_STANDARD = "gnu++0x";
				CLANG_CXX_LIBRARY = "libc++";
				CLANG_ENABLE_MODULES = YES;
				CLANG_ENABLE_OBJC_ARC = YES;
				CLANG_WARN_BOOL_CONVERSION = YES;
				CLANG_WARN_CONSTANT_CONVERSION = YES;
				CLANG_WARN_DIRECT_OBJC_ISA_USAGE = YES_ERROR;
				CLANG_WARN_EMPTY_BODY = YES;
				CLANG_WARN_ENUM_CONVERSION = YES;
				CLANG_WARN_INT_CONVERSION = YES;
				CLANG_WARN_OBJC_ROOT_CLASS = YES_ERROR;
				CLANG_WARN_UNREACHABLE_CODE = YES;
				CLANG_WARN__DUPLICATE_METHOD_MATCH = YES;
				"CODE_SIGN_IDENTITY[sdk=iphoneos*]" = "iPhone Developer";
				COPY_PHASE_STRIP = NO;
				DEBUG_INFORMATION_FORMAT = "dwarf-with-dsym";
				ENABLE_NS_ASSERTIONS = NO;
				ENABLE_STRICT_OBJC_MSGSEND = YES;
				GCC_C_LANGUAGE_STANDARD = gnu99;
				GCC_NO_COMMON_BLOCKS = YES;
				GCC_WARN_64_TO_32_BIT_CONVERSION = YES;
				GCC_WARN_ABOUT_RETURN_TYPE = YES_ERROR;
				GCC_WARN_UNDECLARED_SELECTOR = YES;
				GCC_WARN_UNINITIALIZED_AUTOS = YES_AGGRESSIVE;
				GCC_WARN_UNUSED_FUNCTION = YES;
				GCC_WARN_UNUSED_VARIABLE = YES;
				IPHONEOS_DEPLOYMENT_TARGET = 9.2;
				MTL_ENABLE_DEBUG_INFO = NO;
				SDKROOT = iphoneos;
				TARGETED_DEVICE_FAMILY = "1,2";
				VALIDATE_PRODUCT = YES;
			};
			name = Release;
		};
		84526F891CBB7316003C851C /* Debug */ = {
			isa = XCBuildConfiguration;
			buildSettings = {
				ASSETCATALOG_COMPILER_APPICON_NAME = AppIcon;
				INFOPLIST_FILE = UIImageViewAnimations/Info.plist;
				LD_RUNPATH_SEARCH_PATHS = "$(inherited) @executable_path/Frameworks";
				PRODUCT_BUNDLE_IDENTIFIER = com.orestm.UIImageViewAnimations;
				PRODUCT_NAME = "$(TARGET_NAME)";
			};
			name = Debug;
		};
		84526F8A1CBB7316003C851C /* Release */ = {
			isa = XCBuildConfiguration;
			buildSettings = {
				ASSETCATALOG_COMPILER_APPICON_NAME = AppIcon;
				INFOPLIST_FILE = UIImageViewAnimations/Info.plist;
				LD_RUNPATH_SEARCH_PATHS = "$(inherited) @executable_path/Frameworks";
				PRODUCT_BUNDLE_IDENTIFIER = com.orestm.UIImageViewAnimations;
				PRODUCT_NAME = "$(TARGET_NAME)";
			};
			name = Release;
		};
/* End XCBuildConfiguration section */

/* Begin XCConfigurationList section */
		84526F6C1CBB7316003C851C /* Build configuration list for PBXProject "UIImageViewAnimations" */ = {
			isa = XCConfigurationList;
			buildConfigurations = (
				84526F861CBB7316003C851C /* Debug */,
				84526F871CBB7316003C851C /* Release */,
			);
			defaultConfigurationIsVisible = 0;
			defaultConfigurationName = Release;
		};
		84526F881CBB7316003C851C /* Build configuration list for PBXNativeTarget "UIImageViewAnimations" */ = {
			isa = XCConfigurationList;
			buildConfigurations = (
				84526F891CBB7316003C851C /* Debug */,
				84526F8A1CBB7316003C851C /* Release */,
			);
			defaultConfigurationIsVisible = 0;
			defaultConfigurationName = Release;
		};
/* End XCConfigurationList section */
	};
	rootObject = 84526F691CBB7316003C851C /* Project object */;
}
