// !$*UTF8*$!
{
	archiveVersion = 1;
	classes = {
	};
	objectVersion = 46;
	objects = {

/* Begin PBXBuildFile section */
		844BE2C71C6207DC00F97AB6 /* main.m in Sources */ = {isa = PBXBuildFile; fileRef = 844BE2C61C6207DC00F97AB6 /* main.m */; };
		844BE2CA1C6207DC00F97AB6 /* AppDelegate.m in Sources */ = {isa = PBXBuildFile; fileRef = 844BE2C91C6207DC00F97AB6 /* AppDelegate.m */; };
		844BE2CD1C6207DC00F97AB6 /* ViewController.m in Sources */ = {isa = PBXBuildFile; fileRef = 844BE2CC1C6207DC00F97AB6 /* ViewController.m */; };
		844BE2D01C6207DC00F97AB6 /* Main.storyboard in Resources */ = {isa = PBXBuildFile; fileRef = 844BE2CE1C6207DC00F97AB6 /* Main.storyboard */; };
		844BE2D21C6207DC00F97AB6 /* Assets.xcassets in Resources */ = {isa = PBXBuildFile; fileRef = 844BE2D11C6207DC00F97AB6 /* Assets.xcassets */; };
		844BE2D51C6207DC00F97AB6 /* LaunchScreen.storyboard in Resources */ = {isa = PBXBuildFile; fileRef = 844BE2D31C6207DC00F97AB6 /* LaunchScreen.storyboard */; };
		844BE2DE1C620BBE00F97AB6 /* Government.m in Sources */ = {isa = PBXBuildFile; fileRef = 844BE2DD1C620BBE00F97AB6 /* Government.m */; };
		844BE2E11C62172000F97AB6 /* Person.m in Sources */ = {isa = PBXBuildFile; fileRef = 844BE2E01C62172000F97AB6 /* Person.m */; };
		845293DC1C627DF100B7BAA9 /* Pensioner.m in Sources */ = {isa = PBXBuildFile; fileRef = 845293DB1C627DF100B7BAA9 /* Pensioner.m */; };
/* End PBXBuildFile section */

/* Begin PBXFileReference section */
		844BE2C21C6207DC00F97AB6 /* Notification.app */ = {isa = PBXFileReference; explicitFileType = wrapper.application; includeInIndex = 0; path = Notification.app; sourceTree = BUILT_PRODUCTS_DIR; };
		844BE2C61C6207DC00F97AB6 /* main.m */ = {isa = PBXFileReference; lastKnownFileType = sourcecode.c.objc; path = main.m; sourceTree = "<group>"; };
		844BE2C81C6207DC00F97AB6 /* AppDelegate.h */ = {isa = PBXFileReference; lastKnownFileType = sourcecode.c.h; path = AppDelegate.h; sourceTree = "<group>"; };
		844BE2C91C6207DC00F97AB6 /* AppDelegate.m */ = {isa = PBXFileReference; lastKnownFileType = sourcecode.c.objc; path = AppDelegate.m; sourceTree = "<group>"; };
		844BE2CB1C6207DC00F97AB6 /* ViewController.h */ = {isa = PBXFileReference; lastKnownFileType = sourcecode.c.h; path = ViewController.h; sourceTree = "<group>"; };
		844BE2CC1C6207DC00F97AB6 /* ViewController.m */ = {isa = PBXFileReference; lastKnownFileType = sourcecode.c.objc; path = ViewController.m; sourceTree = "<group>"; };
		844BE2CF1C6207DC00F97AB6 /* Base */ = {isa = PBXFileReference; lastKnownFileType = file.storyboard; name = Base; path = Base.lproj/Main.storyboard; sourceTree = "<group>"; };
		844BE2D11C6207DC00F97AB6 /* Assets.xcassets */ = {isa = PBXFileReference; lastKnownFileType = folder.assetcatalog; path = Assets.xcassets; sourceTree = "<group>"; };
		844BE2D41C6207DC00F97AB6 /* Base */ = {isa = PBXFileReference; lastKnownFileType = file.storyboard; name = Base; path = Base.lproj/LaunchScreen.storyboard; sourceTree = "<group>"; };
		844BE2D61C6207DC00F97AB6 /* Info.plist */ = {isa = PBXFileReference; lastKnownFileType = text.plist.xml; path = Info.plist; sourceTree = "<group>"; };
		844BE2DC1C620BBE00F97AB6 /* Government.h */ = {isa = PBXFileReference; fileEncoding = 4; lastKnownFileType = sourcecode.c.h; path = Government.h; sourceTree = "<group>"; };
		844BE2DD1C620BBE00F97AB6 /* Government.m */ = {isa = PBXFileReference; fileEncoding = 4; lastKnownFileType = sourcecode.c.objc; path = Government.m; sourceTree = "<group>"; };
		844BE2DF1C62172000F97AB6 /* Person.h */ = {isa = PBXFileReference; fileEncoding = 4; lastKnownFileType = sourcecode.c.h; path = Person.h; sourceTree = "<group>"; };
		844BE2E01C62172000F97AB6 /* Person.m */ = {isa = PBXFileReference; fileEncoding = 4; lastKnownFileType = sourcecode.c.objc; path = Person.m; sourceTree = "<group>"; };
		845293DA1C627DF100B7BAA9 /* Pensioner.h */ = {isa = PBXFileReference; fileEncoding = 4; lastKnownFileType = sourcecode.c.h; path = Pensioner.h; sourceTree = "<group>"; };
		845293DB1C627DF100B7BAA9 /* Pensioner.m */ = {isa = PBXFileReference; fileEncoding = 4; lastKnownFileType = sourcecode.c.objc; path = Pensioner.m; sourceTree = "<group>"; };
/* End PBXFileReference section */

/* Begin PBXFrameworksBuildPhase section */
		844BE2BF1C6207DB00F97AB6 /* Frameworks */ = {
			isa = PBXFrameworksBuildPhase;
			buildActionMask = 2147483647;
			files = (
			);
			runOnlyForDeploymentPostprocessing = 0;
		};
/* End PBXFrameworksBuildPhase section */

/* Begin PBXGroup section */
		844BE2B91C6207DB00F97AB6 = {
			isa = PBXGroup;
			children = (
				844BE2C41C6207DC00F97AB6 /* Notification */,
				844BE2C31C6207DC00F97AB6 /* Products */,
			);
			sourceTree = "<group>";
		};
		844BE2C31C6207DC00F97AB6 /* Products */ = {
			isa = PBXGroup;
			children = (
				844BE2C21C6207DC00F97AB6 /* Notification.app */,
			);
			name = Products;
			sourceTree = "<group>";
		};
		844BE2C41C6207DC00F97AB6 /* Notification */ = {
			isa = PBXGroup;
			children = (
				845293DA1C627DF100B7BAA9 /* Pensioner.h */,
				845293DB1C627DF100B7BAA9 /* Pensioner.m */,
				844BE2DF1C62172000F97AB6 /* Person.h */,
				844BE2E01C62172000F97AB6 /* Person.m */,
				844BE2DC1C620BBE00F97AB6 /* Government.h */,
				844BE2DD1C620BBE00F97AB6 /* Government.m */,
				844BE2C81C6207DC00F97AB6 /* AppDelegate.h */,
				844BE2C91C6207DC00F97AB6 /* AppDelegate.m */,
				844BE2CB1C6207DC00F97AB6 /* ViewController.h */,
				844BE2CC1C6207DC00F97AB6 /* ViewController.m */,
				844BE2CE1C6207DC00F97AB6 /* Main.storyboard */,
				844BE2D11C6207DC00F97AB6 /* Assets.xcassets */,
				844BE2D31C6207DC00F97AB6 /* LaunchScreen.storyboard */,
				844BE2D61C6207DC00F97AB6 /* Info.plist */,
				844BE2C51C6207DC00F97AB6 /* Supporting Files */,
			);
			path = Notification;
			sourceTree = "<group>";
		};
		844BE2C51C6207DC00F97AB6 /* Supporting Files */ = {
			isa = PBXGroup;
			children = (
				844BE2C61C6207DC00F97AB6 /* main.m */,
			);
			name = "Supporting Files";
			sourceTree = "<group>";
		};
/* End PBXGroup section */

/* Begin PBXNativeTarget section */
		844BE2C11C6207DB00F97AB6 /* Notification */ = {
			isa = PBXNativeTarget;
			buildConfigurationList = 844BE2D91C6207DC00F97AB6 /* Build configuration list for PBXNativeTarget "Notification" */;
			buildPhases = (
				844BE2BE1C6207DB00F97AB6 /* Sources */,
				844BE2BF1C6207DB00F97AB6 /* Frameworks */,
				844BE2C01C6207DB00F97AB6 /* Resources */,
			);
			buildRules = (
			);
			dependencies = (
			);
			name = Notification;
			productName = Notification;
			productReference = 844BE2C21C6207DC00F97AB6 /* Notification.app */;
			productType = "com.apple.product-type.application";
		};
/* End PBXNativeTarget section */

/* Begin PBXProject section */
		844BE2BA1C6207DB00F97AB6 /* Project object */ = {
			isa = PBXProject;
			attributes = {
				LastUpgradeCheck = 0720;
				ORGANIZATIONNAME = Admin;
				TargetAttributes = {
					844BE2C11C6207DB00F97AB6 = {
						CreatedOnToolsVersion = 7.2;
					};
				};
			};
			buildConfigurationList = 844BE2BD1C6207DB00F97AB6 /* Build configuration list for PBXProject "Notification" */;
			compatibilityVersion = "Xcode 3.2";
			developmentRegion = English;
			hasScannedForEncodings = 0;
			knownRegions = (
				en,
				Base,
			);
			mainGroup = 844BE2B91C6207DB00F97AB6;
			productRefGroup = 844BE2C31C6207DC00F97AB6 /* Products */;
			projectDirPath = "";
			projectRoot = "";
			targets = (
				844BE2C11C6207DB00F97AB6 /* Notification */,
			);
		};
/* End PBXProject section */

/* Begin PBXResourcesBuildPhase section */
		844BE2C01C6207DB00F97AB6 /* Resources */ = {
			isa = PBXResourcesBuildPhase;
			buildActionMask = 2147483647;
			files = (
				844BE2D51C6207DC00F97AB6 /* LaunchScreen.storyboard in Resources */,
				844BE2D21C6207DC00F97AB6 /* Assets.xcassets in Resources */,
				844BE2D01C6207DC00F97AB6 /* Main.storyboard in Resources */,
			);
			runOnlyForDeploymentPostprocessing = 0;
		};
/* End PBXResourcesBuildPhase section */

/* Begin PBXSourcesBuildPhase section */
		844BE2BE1C6207DB00F97AB6 /* Sources */ = {
			isa = PBXSourcesBuildPhase;
			buildActionMask = 2147483647;
			files = (
				844BE2DE1C620BBE00F97AB6 /* Government.m in Sources */,
				845293DC1C627DF100B7BAA9 /* Pensioner.m in Sources */,
				844BE2CD1C6207DC00F97AB6 /* ViewController.m in Sources */,
				844BE2E11C62172000F97AB6 /* Person.m in Sources */,
				844BE2CA1C6207DC00F97AB6 /* AppDelegate.m in Sources */,
				844BE2C71C6207DC00F97AB6 /* main.m in Sources */,
			);
			runOnlyForDeploymentPostprocessing = 0;
		};
/* End PBXSourcesBuildPhase section */

/* Begin PBXVariantGroup section */
		844BE2CE1C6207DC00F97AB6 /* Main.storyboard */ = {
			isa = PBXVariantGroup;
			children = (
				844BE2CF1C6207DC00F97AB6 /* Base */,
			);
			name = Main.storyboard;
			sourceTree = "<group>";
		};
		844BE2D31C6207DC00F97AB6 /* LaunchScreen.storyboard */ = {
			isa = PBXVariantGroup;
			children = (
				844BE2D41C6207DC00F97AB6 /* Base */,
			);
			name = LaunchScreen.storyboard;
			sourceTree = "<group>";
		};
/* End PBXVariantGroup section */

/* Begin XCBuildConfiguration section */
		844BE2D71C6207DC00F97AB6 /* Debug */ = {
			isa = XCBuildConfiguration;
			buildSettings = {
				ALWAYS_SEARCH_USER_PATHS = NO;
				CLANG_CXX_LANGUAGE_STANDARD = "gnu++0x";
				CLANG_CXX_LIBRARY = "libc++";
				CLANG_ENABLE_MODULES = YES;
				CLANG_ENABLE_OBJC_ARC = YES;
				CLANG_WARN_BOOL_CONVERSION = YES;
				CLANG_WARN_CONSTANT_CONVERSION = YES;
				CLANG_WARN_DIRECT_OBJC_ISA_USAGE = YES_ERROR;
				CLANG_WARN_EMPTY_BODY = YES;
				CLANG_WARN_ENUM_CONVERSION = YES;
				CLANG_WARN_INT_CONVERSION = YES;
				CLANG_WARN_OBJC_ROOT_CLASS = YES_ERROR;
				CLANG_WARN_UNREACHABLE_CODE = YES;
				CLANG_WARN__DUPLICATE_METHOD_MATCH = YES;
				"CODE_SIGN_IDENTITY[sdk=iphoneos*]" = "iPhone Developer";
				COPY_PHASE_STRIP = NO;
				DEBUG_INFORMATION_FORMAT = dwarf;
				ENABLE_STRICT_OBJC_MSGSEND = YES;
				ENABLE_TESTABILITY = YES;
				GCC_C_LANGUAGE_STANDARD = gnu99;
				GCC_DYNAMIC_NO_PIC = NO;
				GCC_NO_COMMON_BLOCKS = YES;
				GCC_OPTIMIZATION_LEVEL = 0;
				GCC_PREPROCESSOR_DEFINITIONS = (
					"DEBUG=1",
					"$(inherited)",
				);
				GCC_WARN_64_TO_32_BIT_CONVERSION = YES;
				GCC_WARN_ABOUT_RETURN_TYPE = YES_ERROR;
				GCC_WARN_UNDECLARED_SELECTOR = YES;
				GCC_WARN_UNINITIALIZED_AUTOS = YES_AGGRESSIVE;
				GCC_WARN_UNUSED_FUNCTION = YES;
				GCC_WARN_UNUSED_VARIABLE = YES;
				IPHONEOS_DEPLOYMENT_TARGET = 9.2;
				MTL_ENABLE_DEBUG_INFO = YES;
				ONLY_ACTIVE_ARCH = YES;
				SDKROOT = iphoneos;
			};
			name = Debug;
		};
		844BE2D81C6207DC00F97AB6 /* Release */ = {
			isa = XCBuildConfiguration;
			buildSettings = {
				ALWAYS_SEARCH_USER_PATHS = NO;
				CLANG_CXX_LANGUAGE_STANDARD = "gnu++0x";
				CLANG_CXX_LIBRARY = "libc++";
				CLANG_ENABLE_MODULES = YES;
				CLANG_ENABLE_OBJC_ARC = YES;
				CLANG_WARN_BOOL_CONVERSION = YES;
				CLANG_WARN_CONSTANT_CONVERSION = YES;
				CLANG_WARN_DIRECT_OBJC_ISA_USAGE = YES_ERROR;
				CLANG_WARN_EMPTY_BODY = YES;
				CLANG_WARN_ENUM_CONVERSION = YES;
				CLANG_WARN_INT_CONVERSION = YES;
				CLANG_WARN_OBJC_ROOT_CLASS = YES_ERROR;
				CLANG_WARN_UNREACHABLE_CODE = YES;
				CLANG_WARN__DUPLICATE_METHOD_MATCH = YES;
				"CODE_SIGN_IDENTITY[sdk=iphoneos*]" = "iPhone Developer";
				COPY_PHASE_STRIP = NO;
				DEBUG_INFORMATION_FORMAT = "dwarf-with-dsym";
				ENABLE_NS_ASSERTIONS = NO;
				ENABLE_STRICT_OBJC_MSGSEND = YES;
				GCC_C_LANGUAGE_STANDARD = gnu99;
				GCC_NO_COMMON_BLOCKS = YES;
				GCC_WARN_64_TO_32_BIT_CONVERSION = YES;
				GCC_WARN_ABOUT_RETURN_TYPE = YES_ERROR;
				GCC_WARN_UNDECLARED_SELECTOR = YES;
				GCC_WARN_UNINITIALIZED_AUTOS = YES_AGGRESSIVE;
				GCC_WARN_UNUSED_FUNCTION = YES;
				GCC_WARN_UNUSED_VARIABLE = YES;
				IPHONEOS_DEPLOYMENT_TARGET = 9.2;
				MTL_ENABLE_DEBUG_INFO = NO;
				SDKROOT = iphoneos;
				VALIDATE_PRODUCT = YES;
			};
			name = Release;
		};
		844BE2DA1C6207DC00F97AB6 /* Debug */ = {
			isa = XCBuildConfiguration;
			buildSettings = {
				ASSETCATALOG_COMPILER_APPICON_NAME = AppIcon;
				INFOPLIST_FILE = Notification/Info.plist;
				LD_RUNPATH_SEARCH_PATHS = "$(inherited) @executable_path/Frameworks";
				PRODUCT_BUNDLE_IDENTIFIER = com.orestm.Notification;
				PRODUCT_NAME = "$(TARGET_NAME)";
			};
			name = Debug;
		};
		844BE2DB1C6207DC00F97AB6 /* Release */ = {
			isa = XCBuildConfiguration;
			buildSettings = {
				ASSETCATALOG_COMPILER_APPICON_NAME = AppIcon;
				INFOPLIST_FILE = Notification/Info.plist;
				LD_RUNPATH_SEARCH_PATHS = "$(inherited) @executable_path/Frameworks";
				PRODUCT_BUNDLE_IDENTIFIER = com.orestm.Notification;
				PRODUCT_NAME = "$(TARGET_NAME)";
			};
			name = Release;
		};
/* End XCBuildConfiguration section */

/* Begin XCConfigurationList section */
		844BE2BD1C6207DB00F97AB6 /* Build configuration list for PBXProject "Notification" */ = {
			isa = XCConfigurationList;
			buildConfigurations = (
				844BE2D71C6207DC00F97AB6 /* Debug */,
				844BE2D81C6207DC00F97AB6 /* Release */,
			);
			defaultConfigurationIsVisible = 0;
			defaultConfigurationName = Release;
		};
		844BE2D91C6207DC00F97AB6 /* Build configuration list for PBXNativeTarget "Notification" */ = {
			isa = XCConfigurationList;
			buildConfigurations = (
				844BE2DA1C6207DC00F97AB6 /* Debug */,
				844BE2DB1C6207DC00F97AB6 /* Release */,
			);
			defaultConfigurationIsVisible = 0;
			defaultConfigurationName = Release;
		};
/* End XCConfigurationList section */
	};
	rootObject = 844BE2BA1C6207DB00F97AB6 /* Project object */;
}
