// !$*UTF8*$!
{
	archiveVersion = 1;
	classes = {
	};
	objectVersion = 46;
	objects = {

/* Begin PBXBuildFile section */
		84571A441C904929006FEB46 /* main.m in Sources */ = {isa = PBXBuildFile; fileRef = 84571A431C904929006FEB46 /* main.m */; };
		84571A471C904929006FEB46 /* AppDelegate.m in Sources */ = {isa = PBXBuildFile; fileRef = 84571A461C904929006FEB46 /* AppDelegate.m */; };
		84571A4A1C904929006FEB46 /* OMTestEditPart.m in Sources */ = {isa = PBXBuildFile; fileRef = 84571A491C904929006FEB46 /* OMTestEditPart.m */; };
		84571A4F1C904929006FEB46 /* Assets.xcassets in Resources */ = {isa = PBXBuildFile; fileRef = 84571A4E1C904929006FEB46 /* Assets.xcassets */; };
		84571A521C904929006FEB46 /* LaunchScreen.storyboard in Resources */ = {isa = PBXBuildFile; fileRef = 84571A501C904929006FEB46 /* LaunchScreen.storyboard */; };
		84571A5C1C904BAC006FEB46 /* OMStudent.m in Sources */ = {isa = PBXBuildFile; fileRef = 84571A5B1C904BAC006FEB46 /* OMStudent.m */; };
		84571A5F1C904BB7006FEB46 /* OMGroup.m in Sources */ = {isa = PBXBuildFile; fileRef = 84571A5E1C904BB7006FEB46 /* OMGroup.m */; };
/* End PBXBuildFile section */

/* Begin PBXFileReference section */
		84571A3F1C904929006FEB46 /* UITableViewEditPart-2.app */ = {isa = PBXFileReference; explicitFileType = wrapper.application; includeInIndex = 0; path = "UITableViewEditPart-2.app"; sourceTree = BUILT_PRODUCTS_DIR; };
		84571A431C904929006FEB46 /* main.m */ = {isa = PBXFileReference; lastKnownFileType = sourcecode.c.objc; path = main.m; sourceTree = "<group>"; };
		84571A451C904929006FEB46 /* AppDelegate.h */ = {isa = PBXFileReference; lastKnownFileType = sourcecode.c.h; path = AppDelegate.h; sourceTree = "<group>"; };
		84571A461C904929006FEB46 /* AppDelegate.m */ = {isa = PBXFileReference; lastKnownFileType = sourcecode.c.objc; path = AppDelegate.m; sourceTree = "<group>"; };
		84571A481C904929006FEB46 /* OMTestEditPart.h */ = {isa = PBXFileReference; lastKnownFileType = sourcecode.c.h; path = OMTestEditPart.h; sourceTree = "<group>"; };
		84571A491C904929006FEB46 /* OMTestEditPart.m */ = {isa = PBXFileReference; lastKnownFileType = sourcecode.c.objc; path = OMTestEditPart.m; sourceTree = "<group>"; };
		84571A4E1C904929006FEB46 /* Assets.xcassets */ = {isa = PBXFileReference; lastKnownFileType = folder.assetcatalog; path = Assets.xcassets; sourceTree = "<group>"; };
		84571A511C904929006FEB46 /* Base */ = {isa = PBXFileReference; lastKnownFileType = file.storyboard; name = Base; path = Base.lproj/LaunchScreen.storyboard; sourceTree = "<group>"; };
		84571A531C904929006FEB46 /* Info.plist */ = {isa = PBXFileReference; lastKnownFileType = text.plist.xml; path = Info.plist; sourceTree = "<group>"; };
		84571A5A1C904BAC006FEB46 /* OMStudent.h */ = {isa = PBXFileReference; fileEncoding = 4; lastKnownFileType = sourcecode.c.h; path = OMStudent.h; sourceTree = "<group>"; };
		84571A5B1C904BAC006FEB46 /* OMStudent.m */ = {isa = PBXFileReference; fileEncoding = 4; lastKnownFileType = sourcecode.c.objc; path = OMStudent.m; sourceTree = "<group>"; };
		84571A5D1C904BB7006FEB46 /* OMGroup.h */ = {isa = PBXFileReference; fileEncoding = 4; lastKnownFileType = sourcecode.c.h; path = OMGroup.h; sourceTree = "<group>"; };
		84571A5E1C904BB7006FEB46 /* OMGroup.m */ = {isa = PBXFileReference; fileEncoding = 4; lastKnownFileType = sourcecode.c.objc; path = OMGroup.m; sourceTree = "<group>"; };
/* End PBXFileReference section */

/* Begin PBXFrameworksBuildPhase section */
		84571A3C1C904929006FEB46 /* Frameworks */ = {
			isa = PBXFrameworksBuildPhase;
			buildActionMask = 2147483647;
			files = (
			);
			runOnlyForDeploymentPostprocessing = 0;
		};
/* End PBXFrameworksBuildPhase section */

/* Begin PBXGroup section */
		84571A361C904929006FEB46 = {
			isa = PBXGroup;
			children = (
				84571A411C904929006FEB46 /* UITableViewEditPart-2 */,
				84571A401C904929006FEB46 /* Products */,
			);
			sourceTree = "<group>";
		};
		84571A401C904929006FEB46 /* Products */ = {
			isa = PBXGroup;
			children = (
				84571A3F1C904929006FEB46 /* UITableViewEditPart-2.app */,
			);
			name = Products;
			sourceTree = "<group>";
		};
		84571A411C904929006FEB46 /* UITableViewEditPart-2 */ = {
			isa = PBXGroup;
			children = (
				84571A591C904B8D006FEB46 /* Model */,
				84571A451C904929006FEB46 /* AppDelegate.h */,
				84571A461C904929006FEB46 /* AppDelegate.m */,
				84571A481C904929006FEB46 /* OMTestEditPart.h */,
				84571A491C904929006FEB46 /* OMTestEditPart.m */,
				84571A4E1C904929006FEB46 /* Assets.xcassets */,
				84571A501C904929006FEB46 /* LaunchScreen.storyboard */,
				84571A531C904929006FEB46 /* Info.plist */,
				84571A421C904929006FEB46 /* Supporting Files */,
			);
			path = "UITableViewEditPart-2";
			sourceTree = "<group>";
		};
		84571A421C904929006FEB46 /* Supporting Files */ = {
			isa = PBXGroup;
			children = (
				84571A431C904929006FEB46 /* main.m */,
			);
			name = "Supporting Files";
			sourceTree = "<group>";
		};
		84571A591C904B8D006FEB46 /* Model */ = {
			isa = PBXGroup;
			children = (
				84571A5A1C904BAC006FEB46 /* OMStudent.h */,
				84571A5B1C904BAC006FEB46 /* OMStudent.m */,
				84571A5D1C904BB7006FEB46 /* OMGroup.h */,
				84571A5E1C904BB7006FEB46 /* OMGroup.m */,
			);
			name = Model;
			sourceTree = "<group>";
		};
/* End PBXGroup section */

/* Begin PBXNativeTarget section */
		84571A3E1C904929006FEB46 /* UITableViewEditPart-2 */ = {
			isa = PBXNativeTarget;
			buildConfigurationList = 84571A561C904929006FEB46 /* Build configuration list for PBXNativeTarget "UITableViewEditPart-2" */;
			buildPhases = (
				84571A3B1C904929006FEB46 /* Sources */,
				84571A3C1C904929006FEB46 /* Frameworks */,
				84571A3D1C904929006FEB46 /* Resources */,
			);
			buildRules = (
			);
			dependencies = (
			);
			name = "UITableViewEditPart-2";
			productName = "UITableViewEditPart-2";
			productReference = 84571A3F1C904929006FEB46 /* UITableViewEditPart-2.app */;
			productType = "com.apple.product-type.application";
		};
/* End PBXNativeTarget section */

/* Begin PBXProject section */
		84571A371C904929006FEB46 /* Project object */ = {
			isa = PBXProject;
			attributes = {
				CLASSPREFIX = OM;
				LastUpgradeCheck = 0720;
				ORGANIZATIONNAME = Admin;
				TargetAttributes = {
					84571A3E1C904929006FEB46 = {
						CreatedOnToolsVersion = 7.2.1;
					};
				};
			};
			buildConfigurationList = 84571A3A1C904929006FEB46 /* Build configuration list for PBXProject "UITableViewEditPart-2" */;
			compatibilityVersion = "Xcode 3.2";
			developmentRegion = English;
			hasScannedForEncodings = 0;
			knownRegions = (
				en,
				Base,
			);
			mainGroup = 84571A361C904929006FEB46;
			productRefGroup = 84571A401C904929006FEB46 /* Products */;
			projectDirPath = "";
			projectRoot = "";
			targets = (
				84571A3E1C904929006FEB46 /* UITableViewEditPart-2 */,
			);
		};
/* End PBXProject section */

/* Begin PBXResourcesBuildPhase section */
		84571A3D1C904929006FEB46 /* Resources */ = {
			isa = PBXResourcesBuildPhase;
			buildActionMask = 2147483647;
			files = (
				84571A521C904929006FEB46 /* LaunchScreen.storyboard in Resources */,
				84571A4F1C904929006FEB46 /* Assets.xcassets in Resources */,
			);
			runOnlyForDeploymentPostprocessing = 0;
		};
/* End PBXResourcesBuildPhase section */

/* Begin PBXSourcesBuildPhase section */
		84571A3B1C904929006FEB46 /* Sources */ = {
			isa = PBXSourcesBuildPhase;
			buildActionMask = 2147483647;
			files = (
				84571A4A1C904929006FEB46 /* OMTestEditPart.m in Sources */,
				84571A5F1C904BB7006FEB46 /* OMGroup.m in Sources */,
				84571A5C1C904BAC006FEB46 /* OMStudent.m in Sources */,
				84571A471C904929006FEB46 /* AppDelegate.m in Sources */,
				84571A441C904929006FEB46 /* main.m in Sources */,
			);
			runOnlyForDeploymentPostprocessing = 0;
		};
/* End PBXSourcesBuildPhase section */

/* Begin PBXVariantGroup section */
		84571A501C904929006FEB46 /* LaunchScreen.storyboard */ = {
			isa = PBXVariantGroup;
			children = (
				84571A511C904929006FEB46 /* Base */,
			);
			name = LaunchScreen.storyboard;
			sourceTree = "<group>";
		};
/* End PBXVariantGroup section */

/* Begin XCBuildConfiguration section */
		84571A541C904929006FEB46 /* Debug */ = {
			isa = XCBuildConfiguration;
			buildSettings = {
				ALWAYS_SEARCH_USER_PATHS = NO;
				CLANG_CXX_LANGUAGE_STANDARD = "gnu++0x";
				CLANG_CXX_LIBRARY = "libc++";
				CLANG_ENABLE_MODULES = YES;
				CLANG_ENABLE_OBJC_ARC = YES;
				CLANG_WARN_BOOL_CONVERSION = YES;
				CLANG_WARN_CONSTANT_CONVERSION = YES;
				CLANG_WARN_DIRECT_OBJC_ISA_USAGE = YES_ERROR;
				CLANG_WARN_EMPTY_BODY = YES;
				CLANG_WARN_ENUM_CONVERSION = YES;
				CLANG_WARN_INT_CONVERSION = YES;
				CLANG_WARN_OBJC_ROOT_CLASS = YES_ERROR;
				CLANG_WARN_UNREACHABLE_CODE = YES;
				CLANG_WARN__DUPLICATE_METHOD_MATCH = YES;
				"CODE_SIGN_IDENTITY[sdk=iphoneos*]" = "iPhone Developer";
				COPY_PHASE_STRIP = NO;
				DEBUG_INFORMATION_FORMAT = dwarf;
				ENABLE_STRICT_OBJC_MSGSEND = YES;
				ENABLE_TESTABILITY = YES;
				GCC_C_LANGUAGE_STANDARD = gnu99;
				GCC_DYNAMIC_NO_PIC = NO;
				GCC_NO_COMMON_BLOCKS = YES;
				GCC_OPTIMIZATION_LEVEL = 0;
				GCC_PREPROCESSOR_DEFINITIONS = (
					"DEBUG=1",
					"$(inherited)",
				);
				GCC_WARN_64_TO_32_BIT_CONVERSION = YES;
				GCC_WARN_ABOUT_RETURN_TYPE = YES_ERROR;
				GCC_WARN_UNDECLARED_SELECTOR = YES;
				GCC_WARN_UNINITIALIZED_AUTOS = YES_AGGRESSIVE;
				GCC_WARN_UNUSED_FUNCTION = YES;
				GCC_WARN_UNUSED_VARIABLE = YES;
				IPHONEOS_DEPLOYMENT_TARGET = 9.2;
				MTL_ENABLE_DEBUG_INFO = YES;
				ONLY_ACTIVE_ARCH = YES;
				SDKROOT = iphoneos;
				TARGETED_DEVICE_FAMILY = "1,2";
			};
			name = Debug;
		};
		84571A551C904929006FEB46 /* Release */ = {
			isa = XCBuildConfiguration;
			buildSettings = {
				ALWAYS_SEARCH_USER_PATHS = NO;
				CLANG_CXX_LANGUAGE_STANDARD = "gnu++0x";
				CLANG_CXX_LIBRARY = "libc++";
				CLANG_ENABLE_MODULES = YES;
				CLANG_ENABLE_OBJC_ARC = YES;
				CLANG_WARN_BOOL_CONVERSION = YES;
				CLANG_WARN_CONSTANT_CONVERSION = YES;
				CLANG_WARN_DIRECT_OBJC_ISA_USAGE = YES_ERROR;
				CLANG_WARN_EMPTY_BODY = YES;
				CLANG_WARN_ENUM_CONVERSION = YES;
				CLANG_WARN_INT_CONVERSION = YES;
				CLANG_WARN_OBJC_ROOT_CLASS = YES_ERROR;
				CLANG_WARN_UNREACHABLE_CODE = YES;
				CLANG_WARN__DUPLICATE_METHOD_MATCH = YES;
				"CODE_SIGN_IDENTITY[sdk=iphoneos*]" = "iPhone Developer";
				COPY_PHASE_STRIP = NO;
				DEBUG_INFORMATION_FORMAT = "dwarf-with-dsym";
				ENABLE_NS_ASSERTIONS = NO;
				ENABLE_STRICT_OBJC_MSGSEND = YES;
				GCC_C_LANGUAGE_STANDARD = gnu99;
				GCC_NO_COMMON_BLOCKS = YES;
				GCC_WARN_64_TO_32_BIT_CONVERSION = YES;
				GCC_WARN_ABOUT_RETURN_TYPE = YES_ERROR;
				GCC_WARN_UNDECLARED_SELECTOR = YES;
				GCC_WARN_UNINITIALIZED_AUTOS = YES_AGGRESSIVE;
				GCC_WARN_UNUSED_FUNCTION = YES;
				GCC_WARN_UNUSED_VARIABLE = YES;
				IPHONEOS_DEPLOYMENT_TARGET = 9.2;
				MTL_ENABLE_DEBUG_INFO = NO;
				SDKROOT = iphoneos;
				TARGETED_DEVICE_FAMILY = "1,2";
				VALIDATE_PRODUCT = YES;
			};
			name = Release;
		};
		84571A571C904929006FEB46 /* Debug */ = {
			isa = XCBuildConfiguration;
			buildSettings = {
				ASSETCATALOG_COMPILER_APPICON_NAME = AppIcon;
				INFOPLIST_FILE = "UITableViewEditPart-2/Info.plist";
				LD_RUNPATH_SEARCH_PATHS = "$(inherited) @executable_path/Frameworks";
				PRODUCT_BUNDLE_IDENTIFIER = "com.orestm.UITableViewEditPart-2";
				PRODUCT_NAME = "$(TARGET_NAME)";
			};
			name = Debug;
		};
		84571A581C904929006FEB46 /* Release */ = {
			isa = XCBuildConfiguration;
			buildSettings = {
				ASSETCATALOG_COMPILER_APPICON_NAME = AppIcon;
				INFOPLIST_FILE = "UITableViewEditPart-2/Info.plist";
				LD_RUNPATH_SEARCH_PATHS = "$(inherited) @executable_path/Frameworks";
				PRODUCT_BUNDLE_IDENTIFIER = "com.orestm.UITableViewEditPart-2";
				PRODUCT_NAME = "$(TARGET_NAME)";
			};
			name = Release;
		};
/* End XCBuildConfiguration section */

/* Begin XCConfigurationList section */
		84571A3A1C904929006FEB46 /* Build configuration list for PBXProject "UITableViewEditPart-2" */ = {
			isa = XCConfigurationList;
			buildConfigurations = (
				84571A541C904929006FEB46 /* Debug */,
				84571A551C904929006FEB46 /* Release */,
			);
			defaultConfigurationIsVisible = 0;
			defaultConfigurationName = Release;
		};
		84571A561C904929006FEB46 /* Build configuration list for PBXNativeTarget "UITableViewEditPart-2" */ = {
			isa = XCConfigurationList;
			buildConfigurations = (
				84571A571C904929006FEB46 /* Debug */,
				84571A581C904929006FEB46 /* Release */,
			);
			defaultConfigurationIsVisible = 0;
		};
/* End XCConfigurationList section */
	};
	rootObject = 84571A371C904929006FEB46 /* Project object */;
}
