// !$*UTF8*$!
{
	archiveVersion = 1;
	classes = {
	};
	objectVersion = 46;
	objects = {

/* Begin PBXBuildFile section */
		844C59A11C9C17150031A301 /* main.m in Sources */ = {isa = PBXBuildFile; fileRef = 844C59A01C9C17150031A301 /* main.m */; };
		844C59A41C9C17150031A301 /* AppDelegate.m in Sources */ = {isa = PBXBuildFile; fileRef = 844C59A31C9C17150031A301 /* AppDelegate.m */; };
		844C59A71C9C17150031A301 /* ViewController.m in Sources */ = {isa = PBXBuildFile; fileRef = 844C59A61C9C17150031A301 /* ViewController.m */; };
		844C59AA1C9C17150031A301 /* Main.storyboard in Resources */ = {isa = PBXBuildFile; fileRef = 844C59A81C9C17150031A301 /* Main.storyboard */; };
		844C59AC1C9C17150031A301 /* Assets.xcassets in Resources */ = {isa = PBXBuildFile; fileRef = 844C59AB1C9C17150031A301 /* Assets.xcassets */; };
		844C59AF1C9C17150031A301 /* LaunchScreen.storyboard in Resources */ = {isa = PBXBuildFile; fileRef = 844C59AD1C9C17150031A301 /* LaunchScreen.storyboard */; };
		844C59B81C9C174E0031A301 /* OMStudent.m in Sources */ = {isa = PBXBuildFile; fileRef = 844C59B71C9C174E0031A301 /* OMStudent.m */; };
		844C59BB1C9C24710031A301 /* OMGroup.m in Sources */ = {isa = PBXBuildFile; fileRef = 844C59BA1C9C24710031A301 /* OMGroup.m */; };
/* End PBXBuildFile section */

/* Begin PBXFileReference section */
		844C599C1C9C17150031A301 /* KVCTest.app */ = {isa = PBXFileReference; explicitFileType = wrapper.application; includeInIndex = 0; path = KVCTest.app; sourceTree = BUILT_PRODUCTS_DIR; };
		844C59A01C9C17150031A301 /* main.m */ = {isa = PBXFileReference; lastKnownFileType = sourcecode.c.objc; path = main.m; sourceTree = "<group>"; };
		844C59A21C9C17150031A301 /* AppDelegate.h */ = {isa = PBXFileReference; lastKnownFileType = sourcecode.c.h; path = AppDelegate.h; sourceTree = "<group>"; };
		844C59A31C9C17150031A301 /* AppDelegate.m */ = {isa = PBXFileReference; lastKnownFileType = sourcecode.c.objc; path = AppDelegate.m; sourceTree = "<group>"; };
		844C59A51C9C17150031A301 /* ViewController.h */ = {isa = PBXFileReference; lastKnownFileType = sourcecode.c.h; path = ViewController.h; sourceTree = "<group>"; };
		844C59A61C9C17150031A301 /* ViewController.m */ = {isa = PBXFileReference; lastKnownFileType = sourcecode.c.objc; path = ViewController.m; sourceTree = "<group>"; };
		844C59A91C9C17150031A301 /* Base */ = {isa = PBXFileReference; lastKnownFileType = file.storyboard; name = Base; path = Base.lproj/Main.storyboard; sourceTree = "<group>"; };
		844C59AB1C9C17150031A301 /* Assets.xcassets */ = {isa = PBXFileReference; lastKnownFileType = folder.assetcatalog; path = Assets.xcassets; sourceTree = "<group>"; };
		844C59AE1C9C17150031A301 /* Base */ = {isa = PBXFileReference; lastKnownFileType = file.storyboard; name = Base; path = Base.lproj/LaunchScreen.storyboard; sourceTree = "<group>"; };
		844C59B01C9C17150031A301 /* Info.plist */ = {isa = PBXFileReference; lastKnownFileType = text.plist.xml; path = Info.plist; sourceTree = "<group>"; };
		844C59B61C9C174E0031A301 /* OMStudent.h */ = {isa = PBXFileReference; fileEncoding = 4; lastKnownFileType = sourcecode.c.h; path = OMStudent.h; sourceTree = "<group>"; };
		844C59B71C9C174E0031A301 /* OMStudent.m */ = {isa = PBXFileReference; fileEncoding = 4; lastKnownFileType = sourcecode.c.objc; path = OMStudent.m; sourceTree = "<group>"; };
		844C59B91C9C24710031A301 /* OMGroup.h */ = {isa = PBXFileReference; fileEncoding = 4; lastKnownFileType = sourcecode.c.h; path = OMGroup.h; sourceTree = "<group>"; };
		844C59BA1C9C24710031A301 /* OMGroup.m */ = {isa = PBXFileReference; fileEncoding = 4; lastKnownFileType = sourcecode.c.objc; path = OMGroup.m; sourceTree = "<group>"; };
/* End PBXFileReference section */

/* Begin PBXFrameworksBuildPhase section */
		844C59991C9C17150031A301 /* Frameworks */ = {
			isa = PBXFrameworksBuildPhase;
			buildActionMask = 2147483647;
			files = (
			);
			runOnlyForDeploymentPostprocessing = 0;
		};
/* End PBXFrameworksBuildPhase section */

/* Begin PBXGroup section */
		844C59931C9C17150031A301 = {
			isa = PBXGroup;
			children = (
				844C599E1C9C17150031A301 /* KVCTest */,
				844C599D1C9C17150031A301 /* Products */,
			);
			sourceTree = "<group>";
		};
		844C599D1C9C17150031A301 /* Products */ = {
			isa = PBXGroup;
			children = (
				844C599C1C9C17150031A301 /* KVCTest.app */,
			);
			name = Products;
			sourceTree = "<group>";
		};
		844C599E1C9C17150031A301 /* KVCTest */ = {
			isa = PBXGroup;
			children = (
				844C59B91C9C24710031A301 /* OMGroup.h */,
				844C59BA1C9C24710031A301 /* OMGroup.m */,
				844C59B61C9C174E0031A301 /* OMStudent.h */,
				844C59B71C9C174E0031A301 /* OMStudent.m */,
				844C59A21C9C17150031A301 /* AppDelegate.h */,
				844C59A31C9C17150031A301 /* AppDelegate.m */,
				844C59A51C9C17150031A301 /* ViewController.h */,
				844C59A61C9C17150031A301 /* ViewController.m */,
				844C59A81C9C17150031A301 /* Main.storyboard */,
				844C59AB1C9C17150031A301 /* Assets.xcassets */,
				844C59AD1C9C17150031A301 /* LaunchScreen.storyboard */,
				844C59B01C9C17150031A301 /* Info.plist */,
				844C599F1C9C17150031A301 /* Supporting Files */,
			);
			path = KVCTest;
			sourceTree = "<group>";
		};
		844C599F1C9C17150031A301 /* Supporting Files */ = {
			isa = PBXGroup;
			children = (
				844C59A01C9C17150031A301 /* main.m */,
			);
			name = "Supporting Files";
			sourceTree = "<group>";
		};
/* End PBXGroup section */

/* Begin PBXNativeTarget section */
		844C599B1C9C17150031A301 /* KVCTest */ = {
			isa = PBXNativeTarget;
			buildConfigurationList = 844C59B31C9C17150031A301 /* Build configuration list for PBXNativeTarget "KVCTest" */;
			buildPhases = (
				844C59981C9C17150031A301 /* Sources */,
				844C59991C9C17150031A301 /* Frameworks */,
				844C599A1C9C17150031A301 /* Resources */,
			);
			buildRules = (
			);
			dependencies = (
			);
			name = KVCTest;
			productName = KVCTest;
			productReference = 844C599C1C9C17150031A301 /* KVCTest.app */;
			productType = "com.apple.product-type.application";
		};
/* End PBXNativeTarget section */

/* Begin PBXProject section */
		844C59941C9C17150031A301 /* Project object */ = {
			isa = PBXProject;
			attributes = {
				CLASSPREFIX = OM;
				LastUpgradeCheck = 0720;
				ORGANIZATIONNAME = Admin;
				TargetAttributes = {
					844C599B1C9C17150031A301 = {
						CreatedOnToolsVersion = 7.2.1;
					};
				};
			};
			buildConfigurationList = 844C59971C9C17150031A301 /* Build configuration list for PBXProject "KVCTest" */;
			compatibilityVersion = "Xcode 3.2";
			developmentRegion = English;
			hasScannedForEncodings = 0;
			knownRegions = (
				en,
				Base,
			);
			mainGroup = 844C59931C9C17150031A301;
			productRefGroup = 844C599D1C9C17150031A301 /* Products */;
			projectDirPath = "";
			projectRoot = "";
			targets = (
				844C599B1C9C17150031A301 /* KVCTest */,
			);
		};
/* End PBXProject section */

/* Begin PBXResourcesBuildPhase section */
		844C599A1C9C17150031A301 /* Resources */ = {
			isa = PBXResourcesBuildPhase;
			buildActionMask = 2147483647;
			files = (
				844C59AF1C9C17150031A301 /* LaunchScreen.storyboard in Resources */,
				844C59AC1C9C17150031A301 /* Assets.xcassets in Resources */,
				844C59AA1C9C17150031A301 /* Main.storyboard in Resources */,
			);
			runOnlyForDeploymentPostprocessing = 0;
		};
/* End PBXResourcesBuildPhase section */

/* Begin PBXSourcesBuildPhase section */
		844C59981C9C17150031A301 /* Sources */ = {
			isa = PBXSourcesBuildPhase;
			buildActionMask = 2147483647;
			files = (
				844C59A71C9C17150031A301 /* ViewController.m in Sources */,
				844C59BB1C9C24710031A301 /* OMGroup.m in Sources */,
				844C59B81C9C174E0031A301 /* OMStudent.m in Sources */,
				844C59A41C9C17150031A301 /* AppDelegate.m in Sources */,
				844C59A11C9C17150031A301 /* main.m in Sources */,
			);
			runOnlyForDeploymentPostprocessing = 0;
		};
/* End PBXSourcesBuildPhase section */

/* Begin PBXVariantGroup section */
		844C59A81C9C17150031A301 /* Main.storyboard */ = {
			isa = PBXVariantGroup;
			children = (
				844C59A91C9C17150031A301 /* Base */,
			);
			name = Main.storyboard;
			sourceTree = "<group>";
		};
		844C59AD1C9C17150031A301 /* LaunchScreen.storyboard */ = {
			isa = PBXVariantGroup;
			children = (
				844C59AE1C9C17150031A301 /* Base */,
			);
			name = LaunchScreen.storyboard;
			sourceTree = "<group>";
		};
/* End PBXVariantGroup section */

/* Begin XCBuildConfiguration section */
		844C59B11C9C17150031A301 /* Debug */ = {
			isa = XCBuildConfiguration;
			buildSettings = {
				ALWAYS_SEARCH_USER_PATHS = NO;
				CLANG_CXX_LANGUAGE_STANDARD = "gnu++0x";
				CLANG_CXX_LIBRARY = "libc++";
				CLANG_ENABLE_MODULES = YES;
				CLANG_ENABLE_OBJC_ARC = YES;
				CLANG_WARN_BOOL_CONVERSION = YES;
				CLANG_WARN_CONSTANT_CONVERSION = YES;
				CLANG_WARN_DIRECT_OBJC_ISA_USAGE = YES_ERROR;
				CLANG_WARN_EMPTY_BODY = YES;
				CLANG_WARN_ENUM_CONVERSION = YES;
				CLANG_WARN_INT_CONVERSION = YES;
				CLANG_WARN_OBJC_ROOT_CLASS = YES_ERROR;
				CLANG_WARN_UNREACHABLE_CODE = YES;
				CLANG_WARN__DUPLICATE_METHOD_MATCH = YES;
				"CODE_SIGN_IDENTITY[sdk=iphoneos*]" = "iPhone Developer";
				COPY_PHASE_STRIP = NO;
				DEBUG_INFORMATION_FORMAT = dwarf;
				ENABLE_STRICT_OBJC_MSGSEND = YES;
				ENABLE_TESTABILITY = YES;
				GCC_C_LANGUAGE_STANDARD = gnu99;
				GCC_DYNAMIC_NO_PIC = NO;
				GCC_NO_COMMON_BLOCKS = YES;
				GCC_OPTIMIZATION_LEVEL = 0;
				GCC_PREPROCESSOR_DEFINITIONS = (
					"DEBUG=1",
					"$(inherited)",
				);
				GCC_WARN_64_TO_32_BIT_CONVERSION = YES;
				GCC_WARN_ABOUT_RETURN_TYPE = YES_ERROR;
				GCC_WARN_UNDECLARED_SELECTOR = YES;
				GCC_WARN_UNINITIALIZED_AUTOS = YES_AGGRESSIVE;
				GCC_WARN_UNUSED_FUNCTION = YES;
				GCC_WARN_UNUSED_VARIABLE = YES;
				IPHONEOS_DEPLOYMENT_TARGET = 9.2;
				MTL_ENABLE_DEBUG_INFO = YES;
				ONLY_ACTIVE_ARCH = YES;
				SDKROOT = iphoneos;
				TARGETED_DEVICE_FAMILY = "1,2";
			};
			name = Debug;
		};
		844C59B21C9C17150031A301 /* Release */ = {
			isa = XCBuildConfiguration;
			buildSettings = {
				ALWAYS_SEARCH_USER_PATHS = NO;
				CLANG_CXX_LANGUAGE_STANDARD = "gnu++0x";
				CLANG_CXX_LIBRARY = "libc++";
				CLANG_ENABLE_MODULES = YES;
				CLANG_ENABLE_OBJC_ARC = YES;
				CLANG_WARN_BOOL_CONVERSION = YES;
				CLANG_WARN_CONSTANT_CONVERSION = YES;
				CLANG_WARN_DIRECT_OBJC_ISA_USAGE = YES_ERROR;
				CLANG_WARN_EMPTY_BODY = YES;
				CLANG_WARN_ENUM_CONVERSION = YES;
				CLANG_WARN_INT_CONVERSION = YES;
				CLANG_WARN_OBJC_ROOT_CLASS = YES_ERROR;
				CLANG_WARN_UNREACHABLE_CODE = YES;
				CLANG_WARN__DUPLICATE_METHOD_MATCH = YES;
				"CODE_SIGN_IDENTITY[sdk=iphoneos*]" = "iPhone Developer";
				COPY_PHASE_STRIP = NO;
				DEBUG_INFORMATION_FORMAT = "dwarf-with-dsym";
				ENABLE_NS_ASSERTIONS = NO;
				ENABLE_STRICT_OBJC_MSGSEND = YES;
				GCC_C_LANGUAGE_STANDARD = gnu99;
				GCC_NO_COMMON_BLOCKS = YES;
				GCC_WARN_64_TO_32_BIT_CONVERSION = YES;
				GCC_WARN_ABOUT_RETURN_TYPE = YES_ERROR;
				GCC_WARN_UNDECLARED_SELECTOR = YES;
				GCC_WARN_UNINITIALIZED_AUTOS = YES_AGGRESSIVE;
				GCC_WARN_UNUSED_FUNCTION = YES;
				GCC_WARN_UNUSED_VARIABLE = YES;
				IPHONEOS_DEPLOYMENT_TARGET = 9.2;
				MTL_ENABLE_DEBUG_INFO = NO;
				SDKROOT = iphoneos;
				TARGETED_DEVICE_FAMILY = "1,2";
				VALIDATE_PRODUCT = YES;
			};
			name = Release;
		};
		844C59B41C9C17150031A301 /* Debug */ = {
			isa = XCBuildConfiguration;
			buildSettings = {
				ASSETCATALOG_COMPILER_APPICON_NAME = AppIcon;
				INFOPLIST_FILE = KVCTest/Info.plist;
				LD_RUNPATH_SEARCH_PATHS = "$(inherited) @executable_path/Frameworks";
				PRODUCT_BUNDLE_IDENTIFIER = com.orestm.KVCTest;
				PRODUCT_NAME = "$(TARGET_NAME)";
			};
			name = Debug;
		};
		844C59B51C9C17150031A301 /* Release */ = {
			isa = XCBuildConfiguration;
			buildSettings = {
				ASSETCATALOG_COMPILER_APPICON_NAME = AppIcon;
				INFOPLIST_FILE = KVCTest/Info.plist;
				LD_RUNPATH_SEARCH_PATHS = "$(inherited) @executable_path/Frameworks";
				PRODUCT_BUNDLE_IDENTIFIER = com.orestm.KVCTest;
				PRODUCT_NAME = "$(TARGET_NAME)";
			};
			name = Release;
		};
/* End XCBuildConfiguration section */

/* Begin XCConfigurationList section */
		844C59971C9C17150031A301 /* Build configuration list for PBXProject "KVCTest" */ = {
			isa = XCConfigurationList;
			buildConfigurations = (
				844C59B11C9C17150031A301 /* Debug */,
				844C59B21C9C17150031A301 /* Release */,
			);
			defaultConfigurationIsVisible = 0;
			defaultConfigurationName = Release;
		};
		844C59B31C9C17150031A301 /* Build configuration list for PBXNativeTarget "KVCTest" */ = {
			isa = XCConfigurationList;
			buildConfigurations = (
				844C59B41C9C17150031A301 /* Debug */,
				844C59B51C9C17150031A301 /* Release */,
			);
			defaultConfigurationIsVisible = 0;
		};
/* End XCConfigurationList section */
	};
	rootObject = 844C59941C9C17150031A301 /* Project object */;
}
