// !$*UTF8*$!
{
	archiveVersion = 1;
	classes = {
	};
	objectVersion = 46;
	objects = {

/* Begin PBXBuildFile section */
		84CB432C1C842FE200AB739C /* main.m in Sources */ = {isa = PBXBuildFile; fileRef = 84CB432B1C842FE200AB739C /* main.m */; };
		84CB432F1C842FE200AB739C /* AppDelegate.m in Sources */ = {isa = PBXBuildFile; fileRef = 84CB432E1C842FE200AB739C /* AppDelegate.m */; };
		84CB43321C842FE200AB739C /* ViewController.m in Sources */ = {isa = PBXBuildFile; fileRef = 84CB43311C842FE200AB739C /* ViewController.m */; };
		84CB43351C842FE200AB739C /* Main.storyboard in Resources */ = {isa = PBXBuildFile; fileRef = 84CB43331C842FE200AB739C /* Main.storyboard */; };
		84CB43371C842FE200AB739C /* Assets.xcassets in Resources */ = {isa = PBXBuildFile; fileRef = 84CB43361C842FE200AB739C /* Assets.xcassets */; };
		84CB433A1C842FE300AB739C /* LaunchScreen.storyboard in Resources */ = {isa = PBXBuildFile; fileRef = 84CB43381C842FE300AB739C /* LaunchScreen.storyboard */; };
/* End PBXBuildFile section */

/* Begin PBXFileReference section */
		84CB43271C842FE200AB739C /* UIButton.app */ = {isa = PBXFileReference; explicitFileType = wrapper.application; includeInIndex = 0; path = UIButton.app; sourceTree = BUILT_PRODUCTS_DIR; };
		84CB432B1C842FE200AB739C /* main.m */ = {isa = PBXFileReference; lastKnownFileType = sourcecode.c.objc; path = main.m; sourceTree = "<group>"; };
		84CB432D1C842FE200AB739C /* AppDelegate.h */ = {isa = PBXFileReference; lastKnownFileType = sourcecode.c.h; path = AppDelegate.h; sourceTree = "<group>"; };
		84CB432E1C842FE200AB739C /* AppDelegate.m */ = {isa = PBXFileReference; lastKnownFileType = sourcecode.c.objc; path = AppDelegate.m; sourceTree = "<group>"; };
		84CB43301C842FE200AB739C /* ViewController.h */ = {isa = PBXFileReference; lastKnownFileType = sourcecode.c.h; path = ViewController.h; sourceTree = "<group>"; };
		84CB43311C842FE200AB739C /* ViewController.m */ = {isa = PBXFileReference; lastKnownFileType = sourcecode.c.objc; path = ViewController.m; sourceTree = "<group>"; };
		84CB43341C842FE200AB739C /* Base */ = {isa = PBXFileReference; lastKnownFileType = file.storyboard; name = Base; path = Base.lproj/Main.storyboard; sourceTree = "<group>"; };
		84CB43361C842FE200AB739C /* Assets.xcassets */ = {isa = PBXFileReference; lastKnownFileType = folder.assetcatalog; path = Assets.xcassets; sourceTree = "<group>"; };
		84CB43391C842FE300AB739C /* Base */ = {isa = PBXFileReference; lastKnownFileType = file.storyboard; name = Base; path = Base.lproj/LaunchScreen.storyboard; sourceTree = "<group>"; };
		84CB433B1C842FE300AB739C /* Info.plist */ = {isa = PBXFileReference; lastKnownFileType = text.plist.xml; path = Info.plist; sourceTree = "<group>"; };
/* End PBXFileReference section */

/* Begin PBXFrameworksBuildPhase section */
		84CB43241C842FE200AB739C /* Frameworks */ = {
			isa = PBXFrameworksBuildPhase;
			buildActionMask = 2147483647;
			files = (
			);
			runOnlyForDeploymentPostprocessing = 0;
		};
/* End PBXFrameworksBuildPhase section */

/* Begin PBXGroup section */
		84CB431E1C842FE200AB739C = {
			isa = PBXGroup;
			children = (
				84CB43291C842FE200AB739C /* UIButton */,
				84CB43281C842FE200AB739C /* Products */,
			);
			sourceTree = "<group>";
		};
		84CB43281C842FE200AB739C /* Products */ = {
			isa = PBXGroup;
			children = (
				84CB43271C842FE200AB739C /* UIButton.app */,
			);
			name = Products;
			sourceTree = "<group>";
		};
		84CB43291C842FE200AB739C /* UIButton */ = {
			isa = PBXGroup;
			children = (
				84CB432D1C842FE200AB739C /* AppDelegate.h */,
				84CB432E1C842FE200AB739C /* AppDelegate.m */,
				84CB43301C842FE200AB739C /* ViewController.h */,
				84CB43311C842FE200AB739C /* ViewController.m */,
				84CB43331C842FE200AB739C /* Main.storyboard */,
				84CB43361C842FE200AB739C /* Assets.xcassets */,
				84CB43381C842FE300AB739C /* LaunchScreen.storyboard */,
				84CB433B1C842FE300AB739C /* Info.plist */,
				84CB432A1C842FE200AB739C /* Supporting Files */,
			);
			path = UIButton;
			sourceTree = "<group>";
		};
		84CB432A1C842FE200AB739C /* Supporting Files */ = {
			isa = PBXGroup;
			children = (
				84CB432B1C842FE200AB739C /* main.m */,
			);
			name = "Supporting Files";
			sourceTree = "<group>";
		};
/* End PBXGroup section */

/* Begin PBXNativeTarget section */
		84CB43261C842FE200AB739C /* UIButton */ = {
			isa = PBXNativeTarget;
			buildConfigurationList = 84CB433E1C842FE300AB739C /* Build configuration list for PBXNativeTarget "UIButton" */;
			buildPhases = (
				84CB43231C842FE200AB739C /* Sources */,
				84CB43241C842FE200AB739C /* Frameworks */,
				84CB43251C842FE200AB739C /* Resources */,
			);
			buildRules = (
			);
			dependencies = (
			);
			name = UIButton;
			productName = UIButton;
			productReference = 84CB43271C842FE200AB739C /* UIButton.app */;
			productType = "com.apple.product-type.application";
		};
/* End PBXNativeTarget section */

/* Begin PBXProject section */
		84CB431F1C842FE200AB739C /* Project object */ = {
			isa = PBXProject;
			attributes = {
				LastUpgradeCheck = 0720;
				ORGANIZATIONNAME = Admin;
				TargetAttributes = {
					84CB43261C842FE200AB739C = {
						CreatedOnToolsVersion = 7.2.1;
					};
				};
			};
			buildConfigurationList = 84CB43221C842FE200AB739C /* Build configuration list for PBXProject "UIButton" */;
			compatibilityVersion = "Xcode 3.2";
			developmentRegion = English;
			hasScannedForEncodings = 0;
			knownRegions = (
				en,
				Base,
			);
			mainGroup = 84CB431E1C842FE200AB739C;
			productRefGroup = 84CB43281C842FE200AB739C /* Products */;
			projectDirPath = "";
			projectRoot = "";
			targets = (
				84CB43261C842FE200AB739C /* UIButton */,
			);
		};
/* End PBXProject section */

/* Begin PBXResourcesBuildPhase section */
		84CB43251C842FE200AB739C /* Resources */ = {
			isa = PBXResourcesBuildPhase;
			buildActionMask = 2147483647;
			files = (
				84CB433A1C842FE300AB739C /* LaunchScreen.storyboard in Resources */,
				84CB43371C842FE200AB739C /* Assets.xcassets in Resources */,
				84CB43351C842FE200AB739C /* Main.storyboard in Resources */,
			);
			runOnlyForDeploymentPostprocessing = 0;
		};
/* End PBXResourcesBuildPhase section */

/* Begin PBXSourcesBuildPhase section */
		84CB43231C842FE200AB739C /* Sources */ = {
			isa = PBXSourcesBuildPhase;
			buildActionMask = 2147483647;
			files = (
				84CB43321C842FE200AB739C /* ViewController.m in Sources */,
				84CB432F1C842FE200AB739C /* AppDelegate.m in Sources */,
				84CB432C1C842FE200AB739C /* main.m in Sources */,
			);
			runOnlyForDeploymentPostprocessing = 0;
		};
/* End PBXSourcesBuildPhase section */

/* Begin PBXVariantGroup section */
		84CB43331C842FE200AB739C /* Main.storyboard */ = {
			isa = PBXVariantGroup;
			children = (
				84CB43341C842FE200AB739C /* Base */,
			);
			name = Main.storyboard;
			sourceTree = "<group>";
		};
		84CB43381C842FE300AB739C /* LaunchScreen.storyboard */ = {
			isa = PBXVariantGroup;
			children = (
				84CB43391C842FE300AB739C /* Base */,
			);
			name = LaunchScreen.storyboard;
			sourceTree = "<group>";
		};
/* End PBXVariantGroup section */

/* Begin XCBuildConfiguration section */
		84CB433C1C842FE300AB739C /* Debug */ = {
			isa = XCBuildConfiguration;
			buildSettings = {
				ALWAYS_SEARCH_USER_PATHS = NO;
				CLANG_CXX_LANGUAGE_STANDARD = "gnu++0x";
				CLANG_CXX_LIBRARY = "libc++";
				CLANG_ENABLE_MODULES = YES;
				CLANG_ENABLE_OBJC_ARC = YES;
				CLANG_WARN_BOOL_CONVERSION = YES;
				CLANG_WARN_CONSTANT_CONVERSION = YES;
				CLANG_WARN_DIRECT_OBJC_ISA_USAGE = YES_ERROR;
				CLANG_WARN_EMPTY_BODY = YES;
				CLANG_WARN_ENUM_CONVERSION = YES;
				CLANG_WARN_INT_CONVERSION = YES;
				CLANG_WARN_OBJC_ROOT_CLASS = YES_ERROR;
				CLANG_WARN_UNREACHABLE_CODE = YES;
				CLANG_WARN__DUPLICATE_METHOD_MATCH = YES;
				"CODE_SIGN_IDENTITY[sdk=iphoneos*]" = "iPhone Developer";
				COPY_PHASE_STRIP = NO;
				DEBUG_INFORMATION_FORMAT = dwarf;
				ENABLE_STRICT_OBJC_MSGSEND = YES;
				ENABLE_TESTABILITY = YES;
				GCC_C_LANGUAGE_STANDARD = gnu99;
				GCC_DYNAMIC_NO_PIC = NO;
				GCC_NO_COMMON_BLOCKS = YES;
				GCC_OPTIMIZATION_LEVEL = 0;
				GCC_PREPROCESSOR_DEFINITIONS = (
					"DEBUG=1",
					"$(inherited)",
				);
				GCC_WARN_64_TO_32_BIT_CONVERSION = YES;
				GCC_WARN_ABOUT_RETURN_TYPE = YES_ERROR;
				GCC_WARN_UNDECLARED_SELECTOR = YES;
				GCC_WARN_UNINITIALIZED_AUTOS = YES_AGGRESSIVE;
				GCC_WARN_UNUSED_FUNCTION = YES;
				GCC_WARN_UNUSED_VARIABLE = YES;
				IPHONEOS_DEPLOYMENT_TARGET = 9.2;
				MTL_ENABLE_DEBUG_INFO = YES;
				ONLY_ACTIVE_ARCH = YES;
				SDKROOT = iphoneos;
				TARGETED_DEVICE_FAMILY = "1,2";
			};
			name = Debug;
		};
		84CB433D1C842FE300AB739C /* Release */ = {
			isa = XCBuildConfiguration;
			buildSettings = {
				ALWAYS_SEARCH_USER_PATHS = NO;
				CLANG_CXX_LANGUAGE_STANDARD = "gnu++0x";
				CLANG_CXX_LIBRARY = "libc++";
				CLANG_ENABLE_MODULES = YES;
				CLANG_ENABLE_OBJC_ARC = YES;
				CLANG_WARN_BOOL_CONVERSION = YES;
				CLANG_WARN_CONSTANT_CONVERSION = YES;
				CLANG_WARN_DIRECT_OBJC_ISA_USAGE = YES_ERROR;
				CLANG_WARN_EMPTY_BODY = YES;
				CLANG_WARN_ENUM_CONVERSION = YES;
				CLANG_WARN_INT_CONVERSION = YES;
				CLANG_WARN_OBJC_ROOT_CLASS = YES_ERROR;
				CLANG_WARN_UNREACHABLE_CODE = YES;
				CLANG_WARN__DUPLICATE_METHOD_MATCH = YES;
				"CODE_SIGN_IDENTITY[sdk=iphoneos*]" = "iPhone Developer";
				COPY_PHASE_STRIP = NO;
				DEBUG_INFORMATION_FORMAT = "dwarf-with-dsym";
				ENABLE_NS_ASSERTIONS = NO;
				ENABLE_STRICT_OBJC_MSGSEND = YES;
				GCC_C_LANGUAGE_STANDARD = gnu99;
				GCC_NO_COMMON_BLOCKS = YES;
				GCC_WARN_64_TO_32_BIT_CONVERSION = YES;
				GCC_WARN_ABOUT_RETURN_TYPE = YES_ERROR;
				GCC_WARN_UNDECLARED_SELECTOR = YES;
				GCC_WARN_UNINITIALIZED_AUTOS = YES_AGGRESSIVE;
				GCC_WARN_UNUSED_FUNCTION = YES;
				GCC_WARN_UNUSED_VARIABLE = YES;
				IPHONEOS_DEPLOYMENT_TARGET = 9.2;
				MTL_ENABLE_DEBUG_INFO = NO;
				SDKROOT = iphoneos;
				TARGETED_DEVICE_FAMILY = "1,2";
				VALIDATE_PRODUCT = YES;
			};
			name = Release;
		};
		84CB433F1C842FE300AB739C /* Debug */ = {
			isa = XCBuildConfiguration;
			buildSettings = {
				ASSETCATALOG_COMPILER_APPICON_NAME = AppIcon;
				INFOPLIST_FILE = UIButton/Info.plist;
				LD_RUNPATH_SEARCH_PATHS = "$(inherited) @executable_path/Frameworks";
				PRODUCT_BUNDLE_IDENTIFIER = com.orestm.UIButton;
				PRODUCT_NAME = "$(TARGET_NAME)";
			};
			name = Debug;
		};
		84CB43401C842FE300AB739C /* Release */ = {
			isa = XCBuildConfiguration;
			buildSettings = {
				ASSETCATALOG_COMPILER_APPICON_NAME = AppIcon;
				INFOPLIST_FILE = UIButton/Info.plist;
				LD_RUNPATH_SEARCH_PATHS = "$(inherited) @executable_path/Frameworks";
				PRODUCT_BUNDLE_IDENTIFIER = com.orestm.UIButton;
				PRODUCT_NAME = "$(TARGET_NAME)";
			};
			name = Release;
		};
/* End XCBuildConfiguration section */

/* Begin XCConfigurationList section */
		84CB43221C842FE200AB739C /* Build configuration list for PBXProject "UIButton" */ = {
			isa = XCConfigurationList;
			buildConfigurations = (
				84CB433C1C842FE300AB739C /* Debug */,
				84CB433D1C842FE300AB739C /* Release */,
			);
			defaultConfigurationIsVisible = 0;
			defaultConfigurationName = Release;
		};
		84CB433E1C842FE300AB739C /* Build configuration list for PBXNativeTarget "UIButton" */ = {
			isa = XCConfigurationList;
			buildConfigurations = (
				84CB433F1C842FE300AB739C /* Debug */,
				84CB43401C842FE300AB739C /* Release */,
			);
			defaultConfigurationIsVisible = 0;
		};
/* End XCConfigurationList section */
	};
	rootObject = 84CB431F1C842FE200AB739C /* Project object */;
}
